<?xml version="1.0" encoding="utf-8"?>
<Project ToolsVersion="4.0" xmlns="http://schemas.microsoft.com/developer/msbuild/2003">
  <ItemGroup>
    <Filter Include="Precompiled">
      <UniqueIdentifier>{b07bafa4-d21c-4674-8f50-96a0b05e15ec}</UniqueIdentifier>
    </Filter>
  </ItemGroup>
  <ItemGroup>
    <ClInclude Include="stdafx.h">
      <Filter>Precompiled</Filter>
    </ClInclude>
    <ClInclude Include="targetver.h">
      <Filter>Precompiled</Filter>
    </ClInclude>
    <ClInclude Include="Game.h" />
    <ClInclude Include="GameWorld.h" />
    <ClInclude Include="resource.h">
      <Filter>Precompiled</Filter>
    </ClInclude>
    <ClInclude Include="TinyXML2\tinyxml2.h" />
    <ClInclude Include="BaseGameStructure\GameObjectsManager.h" />
    <ClInclude Include="BaseGameStructure\Factories\GameObjectsFactory.h" />
    <ClInclude Include="BaseGameStructure\GameObjects\BaseGameObject.h" />
    <ClInclude Include="BaseGameStructure\GameObjects\TemplateGameObject.h" />
    <ClInclude Include="Conversions\Conversions.h" />
    <ClInclude Include="BaseGameStructure\GameObjects\Dot.h" />
    <ClInclude Include="BaseGameStructure\Rendering\RenderCommands.h" />
    <ClInclude Include="Objects\DotImageContainer.h" />
    <ClInclude Include="BaseGameStructure\Rendering\WorldSpace.h" />
    <ClInclude Include="BaseGameStructure\Rendering\Camera.h" />
  </ItemGroup>
  <ItemGroup>
    <ClCompile Include="stdafx.cpp">
      <Filter>Precompiled</Filter>
    </ClCompile>
    <ClCompile Include="Game.cpp" />
    <ClCompile Include="GameWorld.cpp" />
    <ClCompile Include="TinyXML2\tinyxml2.cpp" />
    <ClCompile Include="BaseGameStructure\GameObjectsManager.cpp" />
    <ClCompile Include="BaseGameStructure\Factories\GameObjectsFactory.cpp" />
    <ClCompile Include="BaseGameStructure\GameObjects\BaseGameObject.cpp" />
    <ClCompile Include="BaseGameStructure\GameObjects\TemplateGameObject.cpp" />
    <ClCompile Include="BaseGameStructure\GameObjects\Dot.cpp" />
    <ClCompile Include="BaseGameStructure\Rendering\RenderCommands.cpp" />
    <ClCompile Include="Objects\DotImageContainer.cpp" />
    <ClCompile Include="BaseGameStructure\Rendering\WorldSpace.cpp" />
    <ClCompile Include="BaseGameStructure\Rendering\Camera.cpp" />
  </ItemGroup>
</Project>