<?xml version="1.0" encoding="utf-8"?>
<Project ToolsVersion="4.0" xmlns="http://schemas.microsoft.com/developer/msbuild/2003">
  <ItemGroup>
    <Filter Include="Source Files">
      <UniqueIdentifier>{4FC737F1-C7A5-4376-A066-2A32D752A2FF}</UniqueIdentifier>
      <Extensions>cpp;c;cc;cxx;def;odl;idl;hpj;bat;asm;asmx</Extensions>
    </Filter>
    <Filter Include="Header Files">
      <UniqueIdentifier>{93995380-89BD-4b04-88EB-625FBE52EBFB}</UniqueIdentifier>
      <Extensions>h;hh;hpp;hxx;hm;inl;inc;xsd</Extensions>
    </Filter>
    <Filter Include="Resource Files">
      <UniqueIdentifier>{67DA6AB6-F800-4c08-8B7A-83BB121AAD01}</UniqueIdentifier>
      <Extensions>rc;ico;cur;bmp;dlg;rc2;rct;bin;rgs;gif;jpg;jpeg;jpe;resx;tiff;tif;png;wav;mfcribbon-ms</Extensions>
    </Filter>
  </ItemGroup>
  <ItemGroup>
    <Text Include="ReadMe.txt" />
  </ItemGroup>
  <ItemGroup>
    <ClInclude Include="stdafx.h">
      <Filter>Header Files</Filter>
    </ClInclude>
    <ClInclude Include="targetver.h">
      <Filter>Header Files</Filter>
    </ClInclude>
    <ClInclude Include="FreetypeText\FreetypeText.h">
      <Filter>Header Files</Filter>
    </ClInclude>
    <ClInclude Include="FreetypeText\TextWrapper.h">
      <Filter>Header Files</Filter>
    </ClInclude>
    <ClInclude Include="extincludes\ft2build.h">
      <Filter>Header Files</Filter>
    </ClInclude>
    <ClInclude Include="extincludes\freetype\config\ftconfig.h">
      <Filter>Header Files</Filter>
    </ClInclude>
    <ClInclude Include="extincludes\freetype\config\ftheader.h">
      <Filter>Header Files</Filter>
    </ClInclude>
    <ClInclude Include="extincludes\freetype\config\ftmodule.h">
      <Filter>Header Files</Filter>
    </ClInclude>
    <ClInclude Include="extincludes\freetype\config\ftoption.h">
      <Filter>Header Files</Filter>
    </ClInclude>
    <ClInclude Include="extincludes\freetype\config\ftstdlib.h">
      <Filter>Header Files</Filter>
    </ClInclude>
    <ClInclude Include="extincludes\freetype\internal\services\svbdf.h">
      <Filter>Header Files</Filter>
    </ClInclude>
    <ClInclude Include="extincludes\freetype\internal\services\svcid.h">
      <Filter>Header Files</Filter>
    </ClInclude>
    <ClInclude Include="extincludes\freetype\internal\services\svfntfmt.h">
      <Filter>Header Files</Filter>
    </ClInclude>
    <ClInclude Include="extincludes\freetype\internal\services\svgldict.h">
      <Filter>Header Files</Filter>
    </ClInclude>
    <ClInclude Include="extincludes\freetype\internal\services\svgxval.h">
      <Filter>Header Files</Filter>
    </ClInclude>
    <ClInclude Include="extincludes\freetype\internal\services\svkern.h">
      <Filter>Header Files</Filter>
    </ClInclude>
    <ClInclude Include="extincludes\freetype\internal\services\svmm.h">
      <Filter>Header Files</Filter>
    </ClInclude>
    <ClInclude Include="extincludes\freetype\internal\services\svotval.h">
      <Filter>Header Files</Filter>
    </ClInclude>
    <ClInclude Include="extincludes\freetype\internal\services\svpfr.h">
      <Filter>Header Files</Filter>
    </ClInclude>
    <ClInclude Include="extincludes\freetype\internal\services\svpostnm.h">
      <Filter>Header Files</Filter>
    </ClInclude>
    <ClInclude Include="extincludes\freetype\internal\services\svprop.h">
      <Filter>Header Files</Filter>
    </ClInclude>
    <ClInclude Include="extincludes\freetype\internal\services\svpscmap.h">
      <Filter>Header Files</Filter>
    </ClInclude>
    <ClInclude Include="extincludes\freetype\internal\services\svpsinfo.h">
      <Filter>Header Files</Filter>
    </ClInclude>
    <ClInclude Include="extincludes\freetype\internal\services\svsfnt.h">
      <Filter>Header Files</Filter>
    </ClInclude>
    <ClInclude Include="extincludes\freetype\internal\services\svttcmap.h">
      <Filter>Header Files</Filter>
    </ClInclude>
    <ClInclude Include="extincludes\freetype\internal\services\svtteng.h">
      <Filter>Header Files</Filter>
    </ClInclude>
    <ClInclude Include="extincludes\freetype\internal\services\svttglyf.h">
      <Filter>Header Files</Filter>
    </ClInclude>
    <ClInclude Include="extincludes\freetype\internal\services\svwinfnt.h">
      <Filter>Header Files</Filter>
    </ClInclude>
    <ClInclude Include="extincludes\freetype\internal\autohint.h">
      <Filter>Header Files</Filter>
    </ClInclude>
    <ClInclude Include="extincludes\freetype\internal\ftcalc.h">
      <Filter>Header Files</Filter>
    </ClInclude>
    <ClInclude Include="extincludes\freetype\internal\ftdebug.h">
      <Filter>Header Files</Filter>
    </ClInclude>
    <ClInclude Include="extincludes\freetype\internal\ftdriver.h">
      <Filter>Header Files</Filter>
    </ClInclude>
    <ClInclude Include="extincludes\freetype\internal\ftgloadr.h">
      <Filter>Header Files</Filter>
    </ClInclude>
    <ClInclude Include="extincludes\freetype\internal\fthash.h">
      <Filter>Header Files</Filter>
    </ClInclude>
    <ClInclude Include="extincludes\freetype\internal\ftmemory.h">
      <Filter>Header Files</Filter>
    </ClInclude>
    <ClInclude Include="extincludes\freetype\internal\ftobjs.h">
      <Filter>Header Files</Filter>
    </ClInclude>
    <ClInclude Include="extincludes\freetype\internal\ftpic.h">
      <Filter>Header Files</Filter>
    </ClInclude>
    <ClInclude Include="extincludes\freetype\internal\ftrfork.h">
      <Filter>Header Files</Filter>
    </ClInclude>
    <ClInclude Include="extincludes\freetype\internal\ftserv.h">
      <Filter>Header Files</Filter>
    </ClInclude>
    <ClInclude Include="extincludes\freetype\internal\ftstream.h">
      <Filter>Header Files</Filter>
    </ClInclude>
    <ClInclude Include="extincludes\freetype\internal\fttrace.h">
      <Filter>Header Files</Filter>
    </ClInclude>
    <ClInclude Include="extincludes\freetype\internal\ftvalid.h">
      <Filter>Header Files</Filter>
    </ClInclude>
    <ClInclude Include="extincludes\freetype\internal\internal.h">
      <Filter>Header Files</Filter>
    </ClInclude>
    <ClInclude Include="extincludes\freetype\internal\psaux.h">
      <Filter>Header Files</Filter>
    </ClInclude>
    <ClInclude Include="extincludes\freetype\internal\pshints.h">
      <Filter>Header Files</Filter>
    </ClInclude>
    <ClInclude Include="extincludes\freetype\internal\sfnt.h">
      <Filter>Header Files</Filter>
    </ClInclude>
    <ClInclude Include="extincludes\freetype\internal\t1types.h">
      <Filter>Header Files</Filter>
    </ClInclude>
    <ClInclude Include="extincludes\freetype\internal\tttypes.h">
      <Filter>Header Files</Filter>
    </ClInclude>
    <ClInclude Include="extincludes\freetype\freetype.h">
      <Filter>Header Files</Filter>
    </ClInclude>
    <ClInclude Include="extincludes\freetype\ftadvanc.h">
      <Filter>Header Files</Filter>
    </ClInclude>
    <ClInclude Include="extincludes\freetype\ftautoh.h">
      <Filter>Header Files</Filter>
    </ClInclude>
    <ClInclude Include="extincludes\freetype\ftbbox.h">
      <Filter>Header Files</Filter>
    </ClInclude>
    <ClInclude Include="extincludes\freetype\ftbdf.h">
      <Filter>Header Files</Filter>
    </ClInclude>
    <ClInclude Include="extincludes\freetype\ftbitmap.h">
      <Filter>Header Files</Filter>
    </ClInclude>
    <ClInclude Include="extincludes\freetype\ftbzip2.h">
      <Filter>Header Files</Filter>
    </ClInclude>
    <ClInclude Include="extincludes\freetype\ftcache.h">
      <Filter>Header Files</Filter>
    </ClInclude>
    <ClInclude Include="extincludes\freetype\ftcffdrv.h">
      <Filter>Header Files</Filter>
    </ClInclude>
    <ClInclude Include="extincludes\freetype\ftchapters.h">
      <Filter>Header Files</Filter>
    </ClInclude>
    <ClInclude Include="extincludes\freetype\ftcid.h">
      <Filter>Header Files</Filter>
    </ClInclude>
    <ClInclude Include="extincludes\freetype\fterrdef.h">
      <Filter>Header Files</Filter>
    </ClInclude>
    <ClInclude Include="extincludes\freetype\fterrors.h">
      <Filter>Header Files</Filter>
    </ClInclude>
    <ClInclude Include="extincludes\freetype\ftfntfmt.h">
      <Filter>Header Files</Filter>
    </ClInclude>
    <ClInclude Include="extincludes\freetype\ftgasp.h">
      <Filter>Header Files</Filter>
    </ClInclude>
    <ClInclude Include="extincludes\freetype\ftglyph.h">
      <Filter>Header Files</Filter>
    </ClInclude>
    <ClInclude Include="extincludes\freetype\ftgxval.h">
      <Filter>Header Files</Filter>
    </ClInclude>
    <ClInclude Include="extincludes\freetype\ftgzip.h">
      <Filter>Header Files</Filter>
    </ClInclude>
    <ClInclude Include="extincludes\freetype\ftimage.h">
      <Filter>Header Files</Filter>
    </ClInclude>
    <ClInclude Include="extincludes\freetype\ftincrem.h">
      <Filter>Header Files</Filter>
    </ClInclude>
    <ClInclude Include="extincludes\freetype\ftlcdfil.h">
      <Filter>Header Files</Filter>
    </ClInclude>
    <ClInclude Include="extincludes\freetype\ftlist.h">
      <Filter>Header Files</Filter>
    </ClInclude>
    <ClInclude Include="extincludes\freetype\ftlzw.h">
      <Filter>Header Files</Filter>
    </ClInclude>
    <ClInclude Include="extincludes\freetype\ftmac.h">
      <Filter>Header Files</Filter>
    </ClInclude>
    <ClInclude Include="extincludes\freetype\ftmm.h">
      <Filter>Header Files</Filter>
    </ClInclude>
    <ClInclude Include="extincludes\freetype\ftmodapi.h">
      <Filter>Header Files</Filter>
    </ClInclude>
    <ClInclude Include="extincludes\freetype\ftmoderr.h">
      <Filter>Header Files</Filter>
    </ClInclude>
    <ClInclude Include="extincludes\freetype\ftotval.h">
      <Filter>Header Files</Filter>
    </ClInclude>
    <ClInclude Include="extincludes\freetype\ftoutln.h">
      <Filter>Header Files</Filter>
    </ClInclude>
    <ClInclude Include="extincludes\freetype\ftpfr.h">
      <Filter>Header Files</Filter>
    </ClInclude>
    <ClInclude Include="extincludes\freetype\ftrender.h">
      <Filter>Header Files</Filter>
    </ClInclude>
    <ClInclude Include="extincludes\freetype\ftsizes.h">
      <Filter>Header Files</Filter>
    </ClInclude>
    <ClInclude Include="extincludes\freetype\ftsnames.h">
      <Filter>Header Files</Filter>
    </ClInclude>
    <ClInclude Include="extincludes\freetype\ftstroke.h">
      <Filter>Header Files</Filter>
    </ClInclude>
    <ClInclude Include="extincludes\freetype\ftsynth.h">
      <Filter>Header Files</Filter>
    </ClInclude>
    <ClInclude Include="extincludes\freetype\ftsystem.h">
      <Filter>Header Files</Filter>
    </ClInclude>
    <ClInclude Include="extincludes\freetype\fttrigon.h">
      <Filter>Header Files</Filter>
    </ClInclude>
    <ClInclude Include="extincludes\freetype\ftttdrv.h">
      <Filter>Header Files</Filter>
    </ClInclude>
    <ClInclude Include="extincludes\freetype\fttypes.h">
      <Filter>Header Files</Filter>
    </ClInclude>
    <ClInclude Include="extincludes\freetype\ftwinfnt.h">
      <Filter>Header Files</Filter>
    </ClInclude>
    <ClInclude Include="extincludes\freetype\t1tables.h">
      <Filter>Header Files</Filter>
    </ClInclude>
    <ClInclude Include="extincludes\freetype\ttnameid.h">
      <Filter>Header Files</Filter>
    </ClInclude>
    <ClInclude Include="extincludes\freetype\tttables.h">
      <Filter>Header Files</Filter>
    </ClInclude>
    <ClInclude Include="extincludes\freetype\tttags.h">
      <Filter>Header Files</Filter>
    </ClInclude>
    <ClInclude Include="extincludes\freetype\ttunpat.h">
      <Filter>Header Files</Filter>
    </ClInclude>
  </ItemGroup>
  <ItemGroup>
    <ClCompile Include="stdafx.cpp">
      <Filter>Source Files</Filter>
    </ClCompile>
    <ClCompile Include="FreetypeText\FreetypeText.cpp">
      <Filter>Source Files</Filter>
    </ClCompile>
    <ClCompile Include="FreetypeText\TextWrapper.cpp">
      <Filter>Source Files</Filter>
    </ClCompile>
  </ItemGroup>
  <ItemGroup>
    <None Include="FreetypeText\FreetypeBitmap.h" />
  </ItemGroup>
</Project>