<?xml version="1.0" encoding="utf-8"?>
<Project ToolsVersion="4.0" xmlns="http://schemas.microsoft.com/developer/msbuild/2003">
  <ItemGroup>
    <Filter Include="Source">
      <UniqueIdentifier>{72b524c9-f95a-4b02-bc51-da530d503ba0}</UniqueIdentifier>
    </Filter>
    <Filter Include="Source\source">
      <UniqueIdentifier>{df2b3228-02a8-4460-b6f2-d4b13fa8f85c}</UniqueIdentifier>
    </Filter>
    <Filter Include="Source\source\tests">
      <UniqueIdentifier>{d5f25965-ab39-453f-861d-a0cf66be771a}</UniqueIdentifier>
    </Filter>
    <Filter Include="Source\source\student_code">
      <UniqueIdentifier>{407ae891-8fb8-4fcd-b6eb-dc2fd042ea55}</UniqueIdentifier>
    </Filter>
    <Filter Include="Source\source\templates">
      <UniqueIdentifier>{5eba21de-10d5-4030-ac07-f577a95bdaec}</UniqueIdentifier>
    </Filter>
    <Filter Include="Source\source\precompiled">
      <UniqueIdentifier>{12d1067a-00ec-472f-b04c-559a931ae92c}</UniqueIdentifier>
    </Filter>
  </ItemGroup>
  <ItemGroup>
    <ClInclude Include="stdafx.h">
      <Filter>Source\source\precompiled</Filter>
    </ClInclude>
    <ClInclude Include="targetver.h">
      <Filter>Source\source\precompiled</Filter>
    </ClInclude>
    <ClInclude Include="student_code\DLDebug\DL_Debug.h" />
    <ClInclude Include="student_code\DLDebug\DL_StackWalker.h" />
    <ClInclude Include="student_code\DLDebug\StackWalker\StackWalker.h" />
  </ItemGroup>
  <ItemGroup>
    <ClCompile Include="unittest1.cpp">
      <Filter>Source\source\tests</Filter>
    </ClCompile>
    <ClCompile Include="stdafx.cpp">
      <Filter>Source\source\precompiled</Filter>
    </ClCompile>
    <ClCompile Include="student_code\DLDebug\DL_Debug.cpp" />
    <ClCompile Include="student_code\DLDebug\DL_StackWalker.cpp" />
    <ClCompile Include="student_code\DLDebug\StackWalker\StackWalker.cpp" />
  </ItemGroup>
</Project>