<?xml version="1.0" encoding="utf-8"?>
<Project ToolsVersion="4.0" xmlns="http://schemas.microsoft.com/developer/msbuild/2003">
  <ItemGroup>
    <ClInclude Include="stdafx.h" />
    <ClInclude Include="Game\Game.h" />
    <ClInclude Include="Game\CommonIncludes.h" />
    <ClInclude Include="Game\ComponentList.h" />
    <ClInclude Include="Game\Objective\ObjectiveComponent.h" />
    <ClInclude Include="Game\Objective\ObjectiveHandlerComponent.h" />
    <ClInclude Include="Game\Objective\Objective.h" />
    <ClInclude Include="Game\Scripting\GameScriptRegistrationList.h" />
    <ClInclude Include="Game\GenericGameMessages.h" />
    <ClInclude Include="InputBlockComponent.h" />
    <ClInclude Include="InputBlockComponent.h" />
    <ClInclude Include="Game\Scene\ParticleEditorScene\ParticleEditorScene.h" />
    <ClInclude Include="Game\Scene\SceneRegistry.h" />
    <ClInclude Include="Game\Scene\ModelViewerScene\ModelViewerScene.h" />
    <ClInclude Include="Game\Scripting\GameLuaSubscription.h" />
    <ClInclude Include="Game\Scripting\GameLuaComponent.h" />
    <ClInclude Include="Game\Objective\ObjectiveMessages.h" />
    <ClInclude Include="Game\Scene\SplashscreenScene.h" />
    <ClInclude Include="Game\Scene\SceneManagerSceneRegistry.h" />
    <ClInclude Include="GUITestScene.h" />
    <ClInclude Include="Game\Scene\TestScenes\YlfTestScene.h" />
    <ClInclude Include="Game\Waves\WaveManagerComponent.h" />
    <ClInclude Include="Game\Waves\Wave.h" />
    <ClInclude Include="Game\Scenes\TestScenes\PhysxTestScene.h" />
    <ClInclude Include="Game\Waves\WaveEncounter.h" />
    <ClInclude Include="Game\Waves\SpawnPointComponent.h" />
    <ClInclude Include="Game\Waves\WaveMessages.h" />
    <ClInclude Include="Game\Player\PlayerComponent.h" />
    <ClInclude Include="Game\Scene\CreditsScene.h" />
    <ClInclude Include="Game\Scene\MainMenuScene.h" />
    <ClInclude Include="LevelSelectScene.h" />
    <ClInclude Include="Game\Health\HealthComponent.h" />
    <ClInclude Include="Game\Health\EnemyHealthComponent.h" />
    <ClInclude Include="Game\Health\PlayerHealthComponent.h" />
    <ClInclude Include="Game\Health\HealthMessages.h" />
    <ClInclude Include="Game\Enemies\EnemyComponent.h" />
    <ClInclude Include="OptionsScene.h" />
    <ClInclude Include="Game\Scene\TheLabs\LabbAIScene.h" />
    <ClInclude Include="Game\Scene\TheLabs\Unit.h" />
    <ClInclude Include="Game\Scene\TheLabs\Controller.h" />
    <ClInclude Include="Game\Scene\TheLabs\AIEventHandler.h" />
    <ClInclude Include="Game\Scene\TheLabs\PollingStation.h" />
    <ClInclude Include="Game\Scene\TheLabs\CircleShape.h" />
    <ClInclude Include="Game\Scene\TheLabs\AIArriveController.h" />
    <ClInclude Include="Game\DebugRegistry.h" />
    <ClInclude Include="Game\Scene\TheLabs\AIFleeController.h" />
    <ClInclude Include="Game\Scene\TheLabs\BlendBehaviourController.h" />
    <ClInclude Include="Game\Scene\Behaviours\SeekBehaviour.h" />
    <ClInclude Include="Game\Scene\Behaviours\EvadeBehaviour.h" />
    <ClInclude Include="Game\Scene\Behaviours\WanderBehaviour.h" />
    <ClInclude Include="Game\Scene\Behaviours\BaseBehaviour.h" />
    <ClInclude Include="Game\Scene\TheLabs\FormationController.h" />
    <ClInclude Include="Game\Scene\TheLabs\FormationGroup.h" />
  </ItemGroup>
  <ItemGroup>
    <ClCompile Include="stdafx.cpp" />
    <ClCompile Include="Game\Game.cpp" />
    <ClCompile Include="Game\Objective\ObjectiveComponent.cpp" />
    <ClCompile Include="Game\Objective\ObjectiveHandlerComponent.cpp" />
    <ClCompile Include="Game\Objective\Objective.cpp" />
    <ClCompile Include="Game\Scripting\GameScriptRegistrationList.cpp" />
    <ClCompile Include="Game\ComponentList.cpp" />
    <ClCompile Include="InputBlockComponent.cpp" />
    <ClCompile Include="Game\Scene\ParticleEditorScene\ParticleEditorScene.cpp" />
    <ClCompile Include="Game\Scene\SceneRegistry.cpp" />
    <ClCompile Include="Game\Scene\ModelViewerScene\ModelViewerScene.cpp" />
    <ClCompile Include="Game\Scripting\GameLuaSubscription.cpp" />
    <ClCompile Include="Game\Scripting\GameLuaComponent.cpp" />
    <ClCompile Include="Game\DebugRegistry.cpp" />
    <ClCompile Include="Game\Scene\SplashscreenScene.cpp" />
    <ClCompile Include="Game\Scene\SceneManagerSceneRegistry.cpp" />
    <ClCompile Include="GUITestScene.cpp" />
    <ClCompile Include="Game\Scene\TestScenes\YlfTestScene.cpp" />
    <ClCompile Include="Game\Waves\WaveManagerComponent.cpp" />
    <ClCompile Include="Game\Waves\Wave.cpp" />
    <ClCompile Include="Game\Scenes\TestScenes\PhysxTestScene.cpp" />
    <ClCompile Include="Game\Waves\WaveEncounter.cpp" />
    <ClCompile Include="Game\Waves\SpawnPointComponent.cpp" />
    <ClCompile Include="Game\Player\PlayerComponent.cpp" />
    <ClCompile Include="Game\Scene\CreditsScene.cpp" />
    <ClCompile Include="Game\Scene\MainMenuScene.cpp" />
    <ClCompile Include="LevelSelectScene.cpp" />
    <ClCompile Include="Game\Health\HealthComponent.cpp" />
    <ClCompile Include="Game\Health\EnemyHealthComponent.cpp" />
    <ClCompile Include="Game\Health\PlayerHealthComponent.cpp" />
    <ClCompile Include="Game\Enemies\EnemyComponent.cpp" />
    <ClCompile Include="OptionsScene.cpp" />
    <ClCompile Include="Game\Scene\TheLabs\LabbAIScene.cpp" />
    <ClCompile Include="Game\Scene\TheLabs\Unit.cpp" />
    <ClCompile Include="Game\Scene\TheLabs\Controller.cpp" />
    <ClCompile Include="Game\Scene\TheLabs\AIEventHandler.cpp" />
    <ClCompile Include="Game\Scene\TheLabs\PollingStation.cpp" />
    <ClCompile Include="Game\Scene\TheLabs\AIArriveController.cpp" />
    <ClCompile Include="Game\Scene\TheLabs\AIFleeController.cpp" />
    <ClCompile Include="Game\Scene\TheLabs\BlendBehaviourController.cpp" />
    <ClCompile Include="Game\Scene\Behaviours\SeekBehaviour.cpp" />
    <ClCompile Include="Game\Scene\Behaviours\EvadeBehaviour.cpp" />
    <ClCompile Include="Game\Scene\Behaviours\WanderBehaviour.cpp" />
    <ClCompile Include="Game\Scene\Behaviours\BaseBehaviour.cpp" />
    <ClCompile Include="Game\Scene\TheLabs\FormationController.cpp" />
    <ClCompile Include="Game\Scene\TheLabs\FormationGroup.cpp" />
  </ItemGroup>
  <ItemGroup>
    <Natvis Include="..\Utilities\GrowingArray.natvis" />
  </ItemGroup>
</Project>