<?xml version="1.0" encoding="utf-8"?>
<Project ToolsVersion="4.0" xmlns="http://schemas.microsoft.com/developer/msbuild/2003">
  <ItemGroup>
    <Filter Include="Precompiled">
      <UniqueIdentifier>{b07bafa4-d21c-4674-8f50-96a0b05e15ec}</UniqueIdentifier>
    </Filter>
  </ItemGroup>
  <ItemGroup>
    <ClInclude Include="stdafx.h">
      <Filter>Precompiled</Filter>
    </ClInclude>
    <ClInclude Include="targetver.h">
      <Filter>Precompiled</Filter>
    </ClInclude>
    <ClInclude Include="Game.h" />
    <ClInclude Include="GameWorld.h" />
    <ClInclude Include="resource.h">
      <Filter>Precompiled</Filter>
    </ClInclude>
    <ClInclude Include="Rendering\BDSprite.h" />
    <ClInclude Include="Rendering\BDRenderer.h" />
    <ClInclude Include="Conversions\Conversions.h" />
    <ClInclude Include="Input\InputListener.h" />
  </ItemGroup>
  <ItemGroup>
    <ClCompile Include="stdafx.cpp">
      <Filter>Precompiled</Filter>
    </ClCompile>
    <ClCompile Include="Game.cpp" />
    <ClCompile Include="GameWorld.cpp" />
    <ClCompile Include="Rendering\BDSprite.cpp" />
    <ClCompile Include="Rendering\BDRenderer.cpp" />
    <ClCompile Include="Input\InputListener.cpp" />
  </ItemGroup>
</Project>