<?xml version="1.0" encoding="utf-8"?>
<Project ToolsVersion="4.0" xmlns="http://schemas.microsoft.com/developer/msbuild/2003">
  <ItemGroup>
    <Filter Include="Source Files">
      <UniqueIdentifier>{4FC737F1-C7A5-4376-A066-2A32D752A2FF}</UniqueIdentifier>
      <Extensions>cpp;c;cc;cxx;def;odl;idl;hpj;bat;asm;asmx</Extensions>
    </Filter>
    <Filter Include="Header Files">
      <UniqueIdentifier>{93995380-89BD-4b04-88EB-625FBE52EBFB}</UniqueIdentifier>
      <Extensions>h;hh;hpp;hxx;hm;inl;inc;xsd</Extensions>
    </Filter>
    <Filter Include="Resource Files">
      <UniqueIdentifier>{67DA6AB6-F800-4c08-8B7A-83BB121AAD01}</UniqueIdentifier>
      <Extensions>rc;ico;cur;bmp;dlg;rc2;rct;bin;rgs;gif;jpg;jpeg;jpe;resx;tiff;tif;png;wav;mfcribbon-ms</Extensions>
    </Filter>
  </ItemGroup>
  <ItemGroup>
    <ClCompile Include="stdafx.cpp">
      <Filter>Source Files</Filter>
    </ClCompile>
    <ClCompile Include="Engine\HUGEngine.cpp">
      <Filter>Source Files</Filter>
    </ClCompile>
    <ClCompile Include="Windows\HUGWindowsWindow.cpp">
      <Filter>Source Files</Filter>
    </ClCompile>
    <ClCompile Include="HUGFramework\HUGDXFramework.cpp">
      <Filter>Source Files</Filter>
    </ClCompile>
    <ClCompile Include="Model\HUGModel.cpp">
      <Filter>Source Files</Filter>
    </ClCompile>
    <ClCompile Include="Model\DXModel.cpp">
      <Filter>Source Files</Filter>
    </ClCompile>
    <ClCompile Include="Effect\HUGEffect.cpp">
      <Filter>Source Files</Filter>
    </ClCompile>
    <ClCompile Include="Model\HUGModelLoader.cpp">
      <Filter>Source Files</Filter>
    </ClCompile>
    <ClCompile Include="Camera\Camera.cpp">
      <Filter>Source Files</Filter>
    </ClCompile>
    <ClCompile Include="DDSLoader\DDSTextureLoader.cpp">
      <Filter>Source Files</Filter>
    </ClCompile>
    <ClCompile Include="ModelLoader\FBX_Loader_assimp\FBXLoader.cpp">
      <Filter>Source Files</Filter>
    </ClCompile>
    <ClCompile Include="Model\ModelManager\HUGModelManager.cpp">
      <Filter>Source Files</Filter>
    </ClCompile>
    <ClCompile Include="Model\HUGCBuffer.cpp">
      <Filter>Source Files</Filter>
    </ClCompile>
    <ClCompile Include="Camera\HUGCameraManager.cpp">
      <Filter>Source Files</Filter>
    </ClCompile>
    <ClCompile Include="Camera\HUGCameraController.cpp">
      <Filter>Source Files</Filter>
    </ClCompile>
  </ItemGroup>
  <ItemGroup>
    <ClInclude Include="stdafx.h">
      <Filter>Header Files</Filter>
    </ClInclude>
    <ClInclude Include="Engine\HUGEngine.h">
      <Filter>Header Files</Filter>
    </ClInclude>
    <ClInclude Include="Windows\HUGWindowsWindow.h">
      <Filter>Header Files</Filter>
    </ClInclude>
    <ClInclude Include="HUGFramework\HUGDXFramework.h">
      <Filter>Header Files</Filter>
    </ClInclude>
    <ClInclude Include="Model\HUGModel.h">
      <Filter>Header Files</Filter>
    </ClInclude>
    <ClInclude Include="Model\DXModel.h">
      <Filter>Header Files</Filter>
    </ClInclude>
    <ClInclude Include="Effect\HUGEffect.h">
      <Filter>Header Files</Filter>
    </ClInclude>
    <ClInclude Include="Model\HUGModelLoader.h">
      <Filter>Header Files</Filter>
    </ClInclude>
    <ClInclude Include="Camera\Camera.h">
      <Filter>Header Files</Filter>
    </ClInclude>
    <ClInclude Include="DDSLoader\dds.h">
      <Filter>Header Files</Filter>
    </ClInclude>
    <ClInclude Include="DDSLoader\DDSTextureLoader.h">
      <Filter>Header Files</Filter>
    </ClInclude>
    <ClInclude Include="DDSLoader\DirectXHelpers.h">
      <Filter>Header Files</Filter>
    </ClInclude>
    <ClInclude Include="DDSLoader\PlatformHelpers.h">
      <Filter>Header Files</Filter>
    </ClInclude>
    <ClInclude Include="DXHelpers\HUGEffectHelper.h">
      <Filter>Header Files</Filter>
    </ClInclude>
    <ClInclude Include="DXHelpers\DataTypeEnumConverter.h">
      <Filter>Header Files</Filter>
    </ClInclude>
    <ClInclude Include="DXHelpers\DataTypeEnum.h">
      <Filter>Header Files</Filter>
    </ClInclude>
    <ClInclude Include="ModelLoader\FBX_Loader_assimp\AssImp\Compiler\poppack1.h">
      <Filter>Header Files</Filter>
    </ClInclude>
    <ClInclude Include="ModelLoader\FBX_Loader_assimp\AssImp\Compiler\pstdint.h">
      <Filter>Header Files</Filter>
    </ClInclude>
    <ClInclude Include="ModelLoader\FBX_Loader_assimp\AssImp\Compiler\pushpack1.h">
      <Filter>Header Files</Filter>
    </ClInclude>
    <ClInclude Include="ModelLoader\FBX_Loader_assimp\AssImp\port\AndroidJNI\AndroidJNIIOSystem.h">
      <Filter>Header Files</Filter>
    </ClInclude>
    <ClInclude Include="ModelLoader\FBX_Loader_assimp\AssImp\ai_assert.h">
      <Filter>Header Files</Filter>
    </ClInclude>
    <ClInclude Include="ModelLoader\FBX_Loader_assimp\AssImp\anim.h">
      <Filter>Header Files</Filter>
    </ClInclude>
    <ClInclude Include="ModelLoader\FBX_Loader_assimp\AssImp\camera.h">
      <Filter>Header Files</Filter>
    </ClInclude>
    <ClInclude Include="ModelLoader\FBX_Loader_assimp\AssImp\cexport.h">
      <Filter>Header Files</Filter>
    </ClInclude>
    <ClInclude Include="ModelLoader\FBX_Loader_assimp\AssImp\cfileio.h">
      <Filter>Header Files</Filter>
    </ClInclude>
    <ClInclude Include="ModelLoader\FBX_Loader_assimp\AssImp\cimport.h">
      <Filter>Header Files</Filter>
    </ClInclude>
    <ClInclude Include="ModelLoader\FBX_Loader_assimp\AssImp\color4.h">
      <Filter>Header Files</Filter>
    </ClInclude>
    <ClInclude Include="ModelLoader\FBX_Loader_assimp\AssImp\config.h">
      <Filter>Header Files</Filter>
    </ClInclude>
    <ClInclude Include="ModelLoader\FBX_Loader_assimp\AssImp\DefaultLogger.hpp">
      <Filter>Header Files</Filter>
    </ClInclude>
    <ClInclude Include="ModelLoader\FBX_Loader_assimp\AssImp\defs.h">
      <Filter>Header Files</Filter>
    </ClInclude>
    <ClInclude Include="ModelLoader\FBX_Loader_assimp\AssImp\Exporter.hpp">
      <Filter>Header Files</Filter>
    </ClInclude>
    <ClInclude Include="ModelLoader\FBX_Loader_assimp\AssImp\Importer.hpp">
      <Filter>Header Files</Filter>
    </ClInclude>
    <ClInclude Include="ModelLoader\FBX_Loader_assimp\AssImp\importerdesc.h">
      <Filter>Header Files</Filter>
    </ClInclude>
    <ClInclude Include="ModelLoader\FBX_Loader_assimp\AssImp\IOStream.hpp">
      <Filter>Header Files</Filter>
    </ClInclude>
    <ClInclude Include="ModelLoader\FBX_Loader_assimp\AssImp\IOSystem.hpp">
      <Filter>Header Files</Filter>
    </ClInclude>
    <ClInclude Include="ModelLoader\FBX_Loader_assimp\AssImp\light.h">
      <Filter>Header Files</Filter>
    </ClInclude>
    <ClInclude Include="ModelLoader\FBX_Loader_assimp\AssImp\Logger.hpp">
      <Filter>Header Files</Filter>
    </ClInclude>
    <ClInclude Include="ModelLoader\FBX_Loader_assimp\AssImp\LogStream.hpp">
      <Filter>Header Files</Filter>
    </ClInclude>
    <ClInclude Include="ModelLoader\FBX_Loader_assimp\AssImp\material.h">
      <Filter>Header Files</Filter>
    </ClInclude>
    <ClInclude Include="ModelLoader\FBX_Loader_assimp\AssImp\matrix3x3.h">
      <Filter>Header Files</Filter>
    </ClInclude>
    <ClInclude Include="ModelLoader\FBX_Loader_assimp\AssImp\matrix4x4.h">
      <Filter>Header Files</Filter>
    </ClInclude>
    <ClInclude Include="ModelLoader\FBX_Loader_assimp\AssImp\mesh.h">
      <Filter>Header Files</Filter>
    </ClInclude>
    <ClInclude Include="ModelLoader\FBX_Loader_assimp\AssImp\metadata.h">
      <Filter>Header Files</Filter>
    </ClInclude>
    <ClInclude Include="ModelLoader\FBX_Loader_assimp\AssImp\NullLogger.hpp">
      <Filter>Header Files</Filter>
    </ClInclude>
    <ClInclude Include="ModelLoader\FBX_Loader_assimp\AssImp\postprocess.h">
      <Filter>Header Files</Filter>
    </ClInclude>
    <ClInclude Include="ModelLoader\FBX_Loader_assimp\AssImp\ProgressHandler.hpp">
      <Filter>Header Files</Filter>
    </ClInclude>
    <ClInclude Include="ModelLoader\FBX_Loader_assimp\AssImp\quaternion.h">
      <Filter>Header Files</Filter>
    </ClInclude>
    <ClInclude Include="ModelLoader\FBX_Loader_assimp\AssImp\scene.h">
      <Filter>Header Files</Filter>
    </ClInclude>
    <ClInclude Include="ModelLoader\FBX_Loader_assimp\AssImp\texture.h">
      <Filter>Header Files</Filter>
    </ClInclude>
    <ClInclude Include="ModelLoader\FBX_Loader_assimp\AssImp\types.h">
      <Filter>Header Files</Filter>
    </ClInclude>
    <ClInclude Include="ModelLoader\FBX_Loader_assimp\AssImp\vector2.h">
      <Filter>Header Files</Filter>
    </ClInclude>
    <ClInclude Include="ModelLoader\FBX_Loader_assimp\AssImp\vector3.h">
      <Filter>Header Files</Filter>
    </ClInclude>
    <ClInclude Include="ModelLoader\FBX_Loader_assimp\AssImp\version.h">
      <Filter>Header Files</Filter>
    </ClInclude>
    <ClInclude Include="ModelLoader\FBX_Loader_assimp\FBXLoader.h">
      <Filter>Header Files</Filter>
    </ClInclude>
    <ClInclude Include="ModelLoader\FBX_Loader_assimp\VertexStructs.h">
      <Filter>Header Files</Filter>
    </ClInclude>
    <ClInclude Include="Model\ModelManager\HUGModelManager.h">
      <Filter>Header Files</Filter>
    </ClInclude>
    <ClInclude Include="Model\HUGCBuffer.h">
      <Filter>Header Files</Filter>
    </ClInclude>
    <ClInclude Include="Camera\HUGCameraManager.h">
      <Filter>Header Files</Filter>
    </ClInclude>
    <ClInclude Include="Camera\HUGCameraController.h">
      <Filter>Header Files</Filter>
    </ClInclude>
  </ItemGroup>
  <ItemGroup>
    <None Include="ModelLoader\FBX_Loader_assimp\AssImp\color4.inl">
      <Filter>Header Files</Filter>
    </None>
    <None Include="ModelLoader\FBX_Loader_assimp\AssImp\material.inl">
      <Filter>Header Files</Filter>
    </None>
    <None Include="ModelLoader\FBX_Loader_assimp\AssImp\matrix3x3.inl">
      <Filter>Header Files</Filter>
    </None>
    <None Include="ModelLoader\FBX_Loader_assimp\AssImp\matrix4x4.inl">
      <Filter>Header Files</Filter>
    </None>
    <None Include="ModelLoader\FBX_Loader_assimp\AssImp\quaternion.inl">
      <Filter>Header Files</Filter>
    </None>
    <None Include="ModelLoader\FBX_Loader_assimp\AssImp\vector2.inl">
      <Filter>Header Files</Filter>
    </None>
    <None Include="ModelLoader\FBX_Loader_assimp\AssImp\vector3.inl">
      <Filter>Header Files</Filter>
    </None>
  </ItemGroup>
</Project>