<?xml version="1.0" encoding="utf-8"?>
<Project ToolsVersion="4.0" xmlns="http://schemas.microsoft.com/developer/msbuild/2003">
  <ItemGroup>
    <Filter Include="Source Files">
      <UniqueIdentifier>{4FC737F1-C7A5-4376-A066-2A32D752A2FF}</UniqueIdentifier>
      <Extensions>cpp;c;cc;cxx;def;odl;idl;hpj;bat;asm;asmx</Extensions>
    </Filter>
    <Filter Include="Header Files">
      <UniqueIdentifier>{93995380-89BD-4b04-88EB-625FBE52EBFB}</UniqueIdentifier>
      <Extensions>h;hh;hpp;hxx;hm;inl;inc;xsd</Extensions>
    </Filter>
    <Filter Include="Resource Files">
      <UniqueIdentifier>{67DA6AB6-F800-4c08-8B7A-83BB121AAD01}</UniqueIdentifier>
      <Extensions>rc;ico;cur;bmp;dlg;rc2;rct;bin;rgs;gif;jpg;jpeg;jpe;resx;tiff;tif;png;wav;mfcribbon-ms</Extensions>
    </Filter>
  </ItemGroup>
  <ItemGroup>
    <Text Include="ReadMe.txt" />
  </ItemGroup>
  <ItemGroup>
    <ClInclude Include="stdafx.h">
      <Filter>Header Files</Filter>
    </ClInclude>
    <ClInclude Include="targetver.h">
      <Filter>Header Files</Filter>
    </ClInclude>
    <ClInclude Include="Game\HelpFunctions\consolefunctions.h">
      <Filter>Header Files</Filter>
    </ClInclude>
    <ClInclude Include="Game\HelpFunctions\MathFunctions.h">
      <Filter>Header Files</Filter>
    </ClInclude>
    <ClInclude Include="Game\HelpFunctions\HelpFunctions.h">
      <Filter>Header Files</Filter>
    </ClInclude>
    <ClInclude Include="Game\Game.h">
      <Filter>Header Files</Filter>
    </ClInclude>
    <ClInclude Include="Game\Classes\Creature.h">
      <Filter>Header Files</Filter>
    </ClInclude>
    <ClInclude Include="Game\Classes\World\Room.h">
      <Filter>Header Files</Filter>
    </ClInclude>
    <ClInclude Include="Game\Classes\World\Door.h">
      <Filter>Header Files</Filter>
    </ClInclude>
    <ClInclude Include="Game\Classes\World\RoomController.h">
      <Filter>Header Files</Filter>
    </ClInclude>
    <ClInclude Include="Game\Classes\Player.h">
      <Filter>Header Files</Filter>
    </ClInclude>
    <ClInclude Include="Game\Classes\NameHolder.h">
      <Filter>Header Files</Filter>
    </ClInclude>
    <ClInclude Include="Game\Structs\name_and_description.h">
      <Filter>Header Files</Filter>
    </ClInclude>
    <ClInclude Include="Game\HelpFunctions\CombatFunctions.h">
      <Filter>Header Files</Filter>
    </ClInclude>
    <ClInclude Include="Game\Classes\DamagePower.h">
      <Filter>Header Files</Filter>
    </ClInclude>
    <ClInclude Include="Game\Classes\Stats\StatsManager.h">
      <Filter>Header Files</Filter>
    </ClInclude>
    <ClInclude Include="Game\Classes\Stats\BaseStat.h">
      <Filter>Header Files</Filter>
    </ClInclude>
    <ClInclude Include="Game\Classes\Stats\BaseStatEnum.h">
      <Filter>Header Files</Filter>
    </ClInclude>
    <ClInclude Include="Game\Classes\Menu\MenuOptionsEnum.h">
      <Filter>Header Files</Filter>
    </ClInclude>
    <ClInclude Include="Game\HelpFunctions\enumfunctions.h">
      <Filter>Header Files</Filter>
    </ClInclude>
    <ClInclude Include="Game\Classes\Stats\AttackTypesEnum.h">
      <Filter>Header Files</Filter>
    </ClInclude>
    <ClInclude Include="Game\Classes\Player\Inventory.h">
      <Filter>Header Files</Filter>
    </ClInclude>
    <ClInclude Include="Game\Classes\Player\Item.h">
      <Filter>Header Files</Filter>
    </ClInclude>
    <ClInclude Include="Game\Classes\Player\Items\ItemTypesEnum.h">
      <Filter>Header Files</Filter>
    </ClInclude>
    <ClInclude Include="Game\Classes\Stats\Buff.h">
      <Filter>Header Files</Filter>
    </ClInclude>
    <ClInclude Include="Game\Classes\World\RoomContentsController.h">
      <Filter>Header Files</Filter>
    </ClInclude>
    <ClInclude Include="Game\Classes\Chest.h">
      <Filter>Header Files</Filter>
    </ClInclude>
    <ClInclude Include="Game\Classes\Stats\VitalStat.h">
      <Filter>Header Files</Filter>
    </ClInclude>
    <ClInclude Include="Game\Classes\Stats\VitalsManager.h">
      <Filter>Header Files</Filter>
    </ClInclude>
    <ClInclude Include="Game\Classes\Stats\enumVitalTypes.h">
      <Filter>Header Files</Filter>
    </ClInclude>
    <ClInclude Include="Game\Classes\Menu\ChestOpeningOptionsEnum.h">
      <Filter>Header Files</Filter>
    </ClInclude>
    <ClInclude Include="Game\Classes\DamageManager.h">
      <Filter>Header Files</Filter>
    </ClInclude>
  </ItemGroup>
  <ItemGroup>
    <ClCompile Include="stdafx.cpp">
      <Filter>Source Files</Filter>
    </ClCompile>
    <ClCompile Include="Diablo.cpp">
      <Filter>Source Files</Filter>
    </ClCompile>
    <ClCompile Include="Game\HelpFunctions\consolefunctions.cpp">
      <Filter>Source Files</Filter>
    </ClCompile>
    <ClCompile Include="Game\HelpFunctions\MathFunctions.cpp">
      <Filter>Source Files</Filter>
    </ClCompile>
    <ClCompile Include="Game\Game.cpp">
      <Filter>Source Files</Filter>
    </ClCompile>
    <ClCompile Include="Game\Classes\Creature.cpp">
      <Filter>Source Files</Filter>
    </ClCompile>
    <ClCompile Include="Game\Classes\World\Room.cpp">
      <Filter>Source Files</Filter>
    </ClCompile>
    <ClCompile Include="Game\Classes\World\Door.cpp">
      <Filter>Source Files</Filter>
    </ClCompile>
    <ClCompile Include="Game\Classes\World\RoomController.cpp">
      <Filter>Source Files</Filter>
    </ClCompile>
    <ClCompile Include="Game\Classes\Player.cpp">
      <Filter>Source Files</Filter>
    </ClCompile>
    <ClCompile Include="Game\Classes\NameHolder.cpp">
      <Filter>Source Files</Filter>
    </ClCompile>
    <ClCompile Include="Game\HelpFunctions\CombatFunctions.cpp">
      <Filter>Source Files</Filter>
    </ClCompile>
    <ClCompile Include="Game\Classes\DamagePower.cpp">
      <Filter>Source Files</Filter>
    </ClCompile>
    <ClCompile Include="Game\Classes\Stats\StatsManager.cpp">
      <Filter>Source Files</Filter>
    </ClCompile>
    <ClCompile Include="Game\Classes\Stats\BaseStat.cpp">
      <Filter>Source Files</Filter>
    </ClCompile>
    <ClCompile Include="Game\HelpFunctions\enumfunctions.cpp">
      <Filter>Source Files</Filter>
    </ClCompile>
    <ClCompile Include="Game\Classes\Player\Inventory.cpp">
      <Filter>Source Files</Filter>
    </ClCompile>
    <ClCompile Include="Game\Classes\Stats\Buff.cpp">
      <Filter>Source Files</Filter>
    </ClCompile>
    <ClCompile Include="Game\Classes\World\RoomContentsController.cpp">
      <Filter>Source Files</Filter>
    </ClCompile>
    <ClCompile Include="Game\Classes\Chest.cpp">
      <Filter>Source Files</Filter>
    </ClCompile>
    <ClCompile Include="Game\Classes\Stats\VitalStat.cpp">
      <Filter>Source Files</Filter>
    </ClCompile>
    <ClCompile Include="Game\Classes\Stats\VitalsManager.cpp">
      <Filter>Source Files</Filter>
    </ClCompile>
    <ClCompile Include="Game\Classes\DamageManager.cpp">
      <Filter>Source Files</Filter>
    </ClCompile>
  </ItemGroup>
</Project>