<?xml version="1.0" encoding="utf-8"?>
<Project ToolsVersion="4.0" xmlns="http://schemas.microsoft.com/developer/msbuild/2003">
  <ItemGroup>
    <Filter Include="Precompiled">
      <UniqueIdentifier>{b07bafa4-d21c-4674-8f50-96a0b05e15ec}</UniqueIdentifier>
    </Filter>
    <Filter Include="Component">
      <UniqueIdentifier>{16efdef1-9439-47ad-8401-693a23b706bf}</UniqueIdentifier>
    </Filter>
    <Filter Include="Component\Core">
      <UniqueIdentifier>{29950037-ac53-476e-978e-8f0bc978db19}</UniqueIdentifier>
    </Filter>
  </ItemGroup>
  <ItemGroup>
    <ClInclude Include="stdafx.h">
      <Filter>Precompiled</Filter>
    </ClInclude>
    <ClInclude Include="targetver.h">
      <Filter>Precompiled</Filter>
    </ClInclude>
    <ClInclude Include="Game.h" />
    <ClInclude Include="resource.h">
      <Filter>Precompiled</Filter>
    </ClInclude>
    <ClInclude Include="Networking\Client.h" />
    <ClInclude Include="Networking\ConsoleInputHandler.h" />
    <ClInclude Include="GameWorld.h" />
  </ItemGroup>
  <ItemGroup>
    <ClCompile Include="stdafx.cpp">
      <Filter>Precompiled</Filter>
    </ClCompile>
    <ClCompile Include="Game.cpp" />
    <ClCompile Include="Networking\Client.cpp" />
    <ClCompile Include="Networking\ConsoleInputHandler.cpp" />
    <ClCompile Include="GameWorld.cpp" />
  </ItemGroup>
</Project>