<?xml version="1.0" encoding="utf-8"?>
<Project ToolsVersion="4.0" xmlns="http://schemas.microsoft.com/developer/msbuild/2003">
  <ItemGroup>
    <Filter Include="Source Files">
      <UniqueIdentifier>{4FC737F1-C7A5-4376-A066-2A32D752A2FF}</UniqueIdentifier>
      <Extensions>cpp;c;cc;cxx;def;odl;idl;hpj;bat;asm;asmx</Extensions>
    </Filter>
    <Filter Include="Header Files">
      <UniqueIdentifier>{93995380-89BD-4b04-88EB-625FBE52EBFB}</UniqueIdentifier>
      <Extensions>h;hh;hpp;hxx;hm;inl;inc;xsd</Extensions>
    </Filter>
    <Filter Include="Resource Files">
      <UniqueIdentifier>{67DA6AB6-F800-4c08-8B7A-83BB121AAD01}</UniqueIdentifier>
      <Extensions>rc;ico;cur;bmp;dlg;rc2;rct;bin;rgs;gif;jpg;jpeg;jpe;resx;tiff;tif;png;wav;mfcribbon-ms</Extensions>
    </Filter>
    <Filter Include="Source Files\MyGeneralFunctions">
      <UniqueIdentifier>{60a46264-9eb6-4ae0-b847-263e1675f7c0}</UniqueIdentifier>
    </Filter>
    <Filter Include="Source Files\KasinoFiles">
      <UniqueIdentifier>{2bc7e34d-78b8-4d29-859b-572bb84ee974}</UniqueIdentifier>
    </Filter>
    <Filter Include="Source Files\KasinoFiles\KasinoGames">
      <UniqueIdentifier>{a21b44ed-0cc6-4b33-aad2-c8bc0f9fddd7}</UniqueIdentifier>
    </Filter>
    <Filter Include="Source Files\KasinoFiles\KasinoGames\RouletteTypes">
      <UniqueIdentifier>{5b858876-854a-4ffd-999b-d74cad4c53ac}</UniqueIdentifier>
    </Filter>
  </ItemGroup>
  <ItemGroup>
    <Text Include="ReadMe.txt" />
  </ItemGroup>
  <ItemGroup>
    <ClInclude Include="stdafx.h">
      <Filter>Header Files</Filter>
    </ClInclude>
    <ClInclude Include="targetver.h">
      <Filter>Header Files</Filter>
    </ClInclude>
    <ClInclude Include="Kasino1 - Hassardspel.h">
      <Filter>Source Files</Filter>
    </ClInclude>
    <ClInclude Include="MyGeneralFunctions\ConsoleFunctions.h">
      <Filter>Source Files\MyGeneralFunctions</Filter>
    </ClInclude>
    <ClInclude Include="MyGeneralFunctions\MyGeneralFunctionsNameSpaces.h">
      <Filter>Source Files\MyGeneralFunctions</Filter>
    </ClInclude>
    <ClInclude Include="MyGeneralFunctions\MathFunctions.h">
      <Filter>Source Files\MyGeneralFunctions</Filter>
    </ClInclude>
    <ClInclude Include="KasinoNamespaces.h">
      <Filter>Source Files</Filter>
    </ClInclude>
    <ClInclude Include="KasinoGeneralFunctions.h">
      <Filter>Source Files\KasinoFiles</Filter>
    </ClInclude>
    <ClInclude Include="MyGeneralFunctions\l1generallib.h">
      <Filter>Source Files\MyGeneralFunctions</Filter>
    </ClInclude>
    <ClInclude Include="KasinoMenu.h">
      <Filter>Source Files\KasinoFiles</Filter>
    </ClInclude>
    <ClInclude Include="GuessNumberGame.h">
      <Filter>Source Files\KasinoFiles\KasinoGames</Filter>
    </ClInclude>
    <ClInclude Include="RockPapperScissors.h">
      <Filter>Source Files\KasinoFiles\KasinoGames</Filter>
    </ClInclude>
    <ClInclude Include="GuessEvenOrUneven.h">
      <Filter>Source Files\KasinoFiles\KasinoGames</Filter>
    </ClInclude>
    <ClInclude Include="DiceBlackJackGame.h">
      <Filter>Source Files\KasinoFiles\KasinoGames</Filter>
    </ClInclude>
    <ClInclude Include="RussianRoullete.h">
      <Filter>Source Files\KasinoFiles\KasinoGames</Filter>
    </ClInclude>
    <ClInclude Include="RouletteGeneralFunctions.h">
      <Filter>Source Files\KasinoFiles\KasinoGames\RouletteTypes</Filter>
    </ClInclude>
    <ClInclude Include="NormalRoulette.h">
      <Filter>Source Files\KasinoFiles\KasinoGames</Filter>
    </ClInclude>
    <ClInclude Include="RouletteMenu.h">
      <Filter>Source Files\KasinoFiles\KasinoGames\RouletteTypes</Filter>
    </ClInclude>
    <ClInclude Include="RouletteSingle.h">
      <Filter>Source Files\KasinoFiles\KasinoGames\RouletteTypes</Filter>
    </ClInclude>
    <ClInclude Include="RouletteSplit.h">
      <Filter>Source Files\KasinoFiles\KasinoGames\RouletteTypes</Filter>
    </ClInclude>
    <ClInclude Include="RouletteStreet.h">
      <Filter>Source Files\KasinoFiles\KasinoGames\RouletteTypes</Filter>
    </ClInclude>
    <ClInclude Include="RouletteCorner.h">
      <Filter>Source Files\KasinoFiles\KasinoGames\RouletteTypes</Filter>
    </ClInclude>
    <ClInclude Include="RouletteDouble.h">
      <Filter>Source Files\KasinoFiles\KasinoGames\RouletteTypes</Filter>
    </ClInclude>
    <ClInclude Include="RouletteManque.h">
      <Filter>Source Files\KasinoFiles\KasinoGames\RouletteTypes</Filter>
    </ClInclude>
    <ClInclude Include="RoulettePasse.h">
      <Filter>Source Files\KasinoFiles\KasinoGames\RouletteTypes</Filter>
    </ClInclude>
    <ClInclude Include="RouletteRedOrBlack.h">
      <Filter>Source Files\KasinoFiles\KasinoGames\RouletteTypes</Filter>
    </ClInclude>
    <ClInclude Include="RouletteEvenOrOdd.h">
      <Filter>Source Files\KasinoFiles\KasinoGames\RouletteTypes</Filter>
    </ClInclude>
    <ClInclude Include="RouletteDozen.h">
      <Filter>Source Files\KasinoFiles\KasinoGames\RouletteTypes</Filter>
    </ClInclude>
    <ClInclude Include="RouletteColumn.h">
      <Filter>Source Files\KasinoFiles\KasinoGames\RouletteTypes</Filter>
    </ClInclude>
    <ClInclude Include="KasinoGames.h">
      <Filter>Source Files\KasinoFiles\KasinoGames</Filter>
    </ClInclude>
    <ClInclude Include="RouletteTypes.h">
      <Filter>Source Files\KasinoFiles\KasinoGames\RouletteTypes</Filter>
    </ClInclude>
    <ClInclude Include="WhatNumberAmIThinkingOfGame.h">
      <Filter>Source Files\KasinoFiles\KasinoGames</Filter>
    </ClInclude>
    <ClInclude Include="GuessMoreOrLess.h">
      <Filter>Source Files\KasinoFiles\KasinoGames</Filter>
    </ClInclude>
  </ItemGroup>
  <ItemGroup>
    <ClCompile Include="stdafx.cpp">
      <Filter>Source Files</Filter>
    </ClCompile>
    <ClCompile Include="Kasino1 - Hassardspel.cpp">
      <Filter>Source Files</Filter>
    </ClCompile>
    <ClCompile Include="MyGeneralFunctions\MathFunctions.cpp">
      <Filter>Source Files\MyGeneralFunctions</Filter>
    </ClCompile>
    <ClCompile Include="KasinoGeneralFunctions.cpp">
      <Filter>Source Files\KasinoFiles</Filter>
    </ClCompile>
    <ClCompile Include="KasinoMenu.cpp">
      <Filter>Source Files\KasinoFiles</Filter>
    </ClCompile>
    <ClCompile Include="GuessNumberGame.cpp">
      <Filter>Source Files\KasinoFiles\KasinoGames</Filter>
    </ClCompile>
    <ClCompile Include="RockPapperScissors.cpp">
      <Filter>Source Files\KasinoFiles\KasinoGames</Filter>
    </ClCompile>
    <ClCompile Include="GuessEvenOrUneven.cpp">
      <Filter>Source Files\KasinoFiles\KasinoGames</Filter>
    </ClCompile>
    <ClCompile Include="DiceBlackJackGame.cpp">
      <Filter>Source Files\KasinoFiles\KasinoGames</Filter>
    </ClCompile>
    <ClCompile Include="RussianRoullete.cpp">
      <Filter>Source Files\KasinoFiles\KasinoGames</Filter>
    </ClCompile>
    <ClCompile Include="NormalRoulette.cpp">
      <Filter>Source Files\KasinoFiles\KasinoGames</Filter>
    </ClCompile>
    <ClCompile Include="RouletteGeneralFunctions.cpp">
      <Filter>Source Files\KasinoFiles\KasinoGames\RouletteTypes</Filter>
    </ClCompile>
    <ClCompile Include="RouletteMenu.cpp">
      <Filter>Source Files\KasinoFiles\KasinoGames\RouletteTypes</Filter>
    </ClCompile>
    <ClCompile Include="RouletteSingle.cpp">
      <Filter>Source Files\KasinoFiles\KasinoGames\RouletteTypes</Filter>
    </ClCompile>
    <ClCompile Include="RouletteSplit.cpp">
      <Filter>Source Files\KasinoFiles\KasinoGames\RouletteTypes</Filter>
    </ClCompile>
    <ClCompile Include="RouletteStreet.cpp">
      <Filter>Source Files\KasinoFiles\KasinoGames\RouletteTypes</Filter>
    </ClCompile>
    <ClCompile Include="RouletteCorner.cpp">
      <Filter>Source Files\KasinoFiles\KasinoGames\RouletteTypes</Filter>
    </ClCompile>
    <ClCompile Include="RouletteDouble.cpp">
      <Filter>Source Files\KasinoFiles\KasinoGames\RouletteTypes</Filter>
    </ClCompile>
    <ClCompile Include="RouletteManque.cpp">
      <Filter>Source Files\KasinoFiles\KasinoGames\RouletteTypes</Filter>
    </ClCompile>
    <ClCompile Include="RoulettePasse.cpp">
      <Filter>Source Files\KasinoFiles\KasinoGames\RouletteTypes</Filter>
    </ClCompile>
    <ClCompile Include="RouletteRedOrBlack.cpp">
      <Filter>Source Files\KasinoFiles\KasinoGames\RouletteTypes</Filter>
    </ClCompile>
    <ClCompile Include="RouletteEvenOrOdd.cpp">
      <Filter>Source Files\KasinoFiles\KasinoGames\RouletteTypes</Filter>
    </ClCompile>
    <ClCompile Include="RouletteDozen.cpp">
      <Filter>Source Files\KasinoFiles\KasinoGames\RouletteTypes</Filter>
    </ClCompile>
    <ClCompile Include="RouletteColumn.cpp">
      <Filter>Source Files\KasinoFiles\KasinoGames\RouletteTypes</Filter>
    </ClCompile>
    <ClCompile Include="MyGeneralFunctions\ConsoleFunctions.cpp">
      <Filter>Source Files\MyGeneralFunctions</Filter>
    </ClCompile>
    <ClCompile Include="WhatNumberAmIThinkingOfGame.cpp">
      <Filter>Source Files\KasinoFiles\KasinoGames</Filter>
    </ClCompile>
    <ClCompile Include="GuessMoreOrLess.cpp">
      <Filter>Source Files\KasinoFiles\KasinoGames</Filter>
    </ClCompile>
  </ItemGroup>
</Project>