<?xml version="1.0" encoding="utf-8"?>
<Project ToolsVersion="4.0" xmlns="http://schemas.microsoft.com/developer/msbuild/2003">
  <ItemGroup>
    <ClInclude Include="stdafx.h" />
    <ClInclude Include="Game\Game.h" />
    <ClInclude Include="Game\PostMasterSample.h">
      <Filter>Samples</Filter>
    </ClInclude>
    <ClInclude Include="Game\CommonIncludes.h" />
    <ClInclude Include="Game\Component\Controller\ControllerComponent.h" />
    <ClInclude Include="Game\ComponentList.h" />
    <ClInclude Include="Game\Component\Health\HealthComponent.h" />
    <ClInclude Include="Game\Component\Health\ObjectOutOfHealthMessage.h" />
    <ClInclude Include="Game\Component\Enemy\EnemyComponent.h" />
    <ClInclude Include="Game\Player\PlayerShootComponent.h" />
    <ClInclude Include="Game\Player\PlayerControllerComponent.h" />
    <ClInclude Include="Game\Player\PlayerMessages.h" />
    <ClInclude Include="Game\Objective\ObjectiveComponent.h" />
    <ClInclude Include="Game\Objective\ObjectiveHandlerComponent.h" />
    <ClInclude Include="Game\Component\Controller\AI\AIControllerComponent.h" />
    <ClInclude Include="Game\Component\Controller\AI\AIInterceptorComponent.h" />
    <ClInclude Include="Game\Component\Controller\AI\InterceptorActionCalculator.h" />
    <ClInclude Include="Game\Player\WeaponMount.h" />
    <ClInclude Include="Game\Player\PlayerComponent.h" />
    <ClInclude Include="Game\Objective\Objective.h" />
    <ClInclude Include="Game\Scripting\GameScriptRegistrationList.h" />
    <ClInclude Include="Game\Component\Enemy\EnemyMineComponent.h" />
    <ClInclude Include="Game\Component\Controller\AI\AISwarmerComponent.h" />
    <ClInclude Include="Game\GUI\GUIOverheatBar.h" />
    <ClInclude Include="Game\Scene\MainMenuScene.h" />
    <ClInclude Include="Game\Scene\LevelSelectScene.h" />
    <ClInclude Include="Game\GUIHealthBar.h" />
    <ClInclude Include="Game\Player\PlayerDataStruct.h" />
    <ClInclude Include="Game\LevelProgressionManager\LevelProgressionManager.h" />
    <ClInclude Include="Game\GenericGameMessages.h" />
    <ClInclude Include="Game\Component\Controller\AI\AITurretComponent.h" />
    <ClInclude Include="Game\Player\SpaceGameCameraController.h" />
    <ClInclude Include="InputBlockComponent.h" />
    <ClInclude Include="Game\Component\Shooting\Weapons\WeaponComponent.h" />
    <ClInclude Include="Game\Component\Shooting\Weapons\HomingWeaponComponent.h" />
    <ClInclude Include="Game\Component\Shooting\Weapons\BeamWeaponComponent.h" />
    <ClInclude Include="Game\Component\Shooting\Projectiles\ShotComponent.h" />
    <ClInclude Include="Game\Component\Shooting\Projectiles\ShotHitEvent.h" />
    <ClInclude Include="Game\Component\Shooting\Projectiles\HomingShotComponent.h" />
    <ClInclude Include="Game\Component\Shooting\WeaponData.h" />
    <ClInclude Include="Game\GUI\GUIHealthBar.h" />
    <ClInclude Include="DrawCrosshairEvent.h" />
    <ClInclude Include="InputBlockComponent.h" />
    <ClInclude Include="Game\Scene\TestScenes\TestCollision\CollisionTestScene.h" />
    <ClInclude Include="Game\Scene\TestScenes\TestCollision\TestEnemyCollisionScene.h" />
    <ClInclude Include="Game\Scene\TestScenes\TestCollision\TestHandleCollisionComponent.h" />
    <ClInclude Include="Game\Scene\TestScenes\CockpitTestScene.h" />
    <ClInclude Include="Game\Scene\TestScenes\InstancedTestScene.h" />
    <ClInclude Include="Game\Scene\TestScenes\LightingTestScene.h" />
    <ClInclude Include="Game\Scene\TestScenes\PbrTestScene.h" />
    <ClInclude Include="Game\Scene\TestScenes\PlayerTestScene.h" />
    <ClInclude Include="Game\Scene\TestScenes\SlideShowScene.h" />
    <ClInclude Include="Game\Scene\TestScenes\SoundTestScene.h" />
    <ClInclude Include="Game\Scene\TestScenes\TextScene.h" />
    <ClInclude Include="Game\Scene\TestScenes\TestObjectEventSystemScene.h" />
    <ClInclude Include="Game\Scene\TestScenes\TestCollision\MovementCollisionTestComponent.h" />
    <ClInclude Include="Game\Component\Enemy\ExplosionComponent.h" />
    <ClInclude Include="Game\Scene\CreditScene.h" />
    <ClInclude Include="Game\Scene\ParticleEditorScene\ParticleEditorScene.h" />
    <ClInclude Include="Game\Scene\OptionsScene.h" />
    <ClInclude Include="Game\Scene\SceneRegistry.h" />
    <ClInclude Include="Game\Scene\ModelViewerScene\ModelViewerScene.h" />
    <ClInclude Include="Game\Component\Controller\AI\Mothership\AIMothershipComponent.h" />
    <ClInclude Include="Game\Component\Controller\AI\Mothership\AIMothershipShieldComponent.h" />
    <ClInclude Include="Game\Component\Shooting\Projectiles\BeamShotComponent.h" />
    <ClInclude Include="Game\Dialog\DialogNode.h" />
    <ClInclude Include="Game\Dialog\DialogChain.h" />
    <ClInclude Include="Game\Scene\PauseMenuScene.h" />
    <ClInclude Include="Game\Component\Controller\AI\Mothership\AIMothershipTurretComponent.h" />
    <ClInclude Include="Game\DebugRegistry.h" />
    <ClInclude Include="Game\Scene\TestScenes\SpriteInstancingScene.h" />
  </ItemGroup>
  <ItemGroup>
    <ClCompile Include="stdafx.cpp" />
    <ClCompile Include="Game\Game.cpp" />
    <ClCompile Include="Game\PostMasterSample.cpp">
      <Filter>Samples</Filter>
    </ClCompile>
    <ClCompile Include="Game\Component\Controller\ControllerComponent.cpp" />
    <ClCompile Include="Game\Component\Health\HealthComponent.cpp" />
    <ClCompile Include="Game\Component\Enemy\EnemyComponent.cpp" />
    <ClCompile Include="Game\Player\PlayerShootComponent.cpp" />
    <ClCompile Include="Game\Player\PlayerControllerComponent.cpp" />
    <ClCompile Include="Game\Objective\ObjectiveComponent.cpp" />
    <ClCompile Include="Game\Objective\ObjectiveHandlerComponent.cpp" />
    <ClCompile Include="Game\Component\Controller\AI\AIControllerComponent.cpp" />
    <ClCompile Include="Game\Component\Controller\AI\AIInterceptorComponent.cpp" />
    <ClCompile Include="Game\Component\Controller\AI\InterceptorActionCalculator.cpp" />
    <ClCompile Include="Game\Player\WeaponMount.cpp" />
    <ClCompile Include="Game\Player\PlayerComponent.cpp" />
    <ClCompile Include="Game\Objective\Objective.cpp" />
    <ClCompile Include="Game\Scripting\GameScriptRegistrationList.cpp" />
    <ClCompile Include="Game\Component\Enemy\EnemyMineComponent.cpp" />
    <ClCompile Include="Game\GUI\GUIHealthBar.cpp" />
    <ClCompile Include="Game\GUI\GUIOverheatBar.cpp" />
    <ClCompile Include="Game\Scene\MainMenuScene.cpp" />
    <ClCompile Include="Game\ComponentList.cpp" />
    <ClCompile Include="Game\Scene\LevelSelectScene.cpp" />
    <ClCompile Include="Game\Component\Controller\AI\AISwarmerComponent.cpp" />
    <ClCompile Include="Game\LevelProgressionManager\LevelProgressionManager.cpp" />
    <ClCompile Include="Game\Component\Controller\AI\AITurretComponent.cpp" />
    <ClCompile Include="Game\Player\SpaceGameCameraController.cpp" />
    <ClCompile Include="Game\Component\Shooting\Weapons\WeaponComponent.cpp" />
    <ClCompile Include="Game\Component\Shooting\Weapons\HomingWeaponComponent.cpp" />
    <ClCompile Include="Game\Component\Shooting\Weapons\BeamWeaponComponent.cpp" />
    <ClCompile Include="Game\Component\Shooting\Projectiles\ShotComponent.cpp" />
    <ClCompile Include="InputBlockComponent.cpp" />
    <ClCompile Include="Game\Scene\TestScenes\TestCollision\CollisionTestScene.cpp" />
    <ClCompile Include="Game\Scene\TestScenes\TestCollision\TestEnemyCollisionScene.cpp" />
    <ClCompile Include="Game\Scene\TestScenes\TestCollision\TestHandleCollisionComponent.cpp" />
    <ClCompile Include="Game\Scene\TestScenes\CockpitTestScene.cpp" />
    <ClCompile Include="Game\Scene\TestScenes\InstancedTestScene.cpp" />
    <ClCompile Include="Game\Scene\TestScenes\LightingTestScene.cpp" />
    <ClCompile Include="Game\Scene\TestScenes\PbrTestScene.cpp" />
    <ClCompile Include="Game\Scene\TestScenes\PlayerTestScene.cpp" />
    <ClCompile Include="Game\Scene\TestScenes\SlideShowScene.cpp" />
    <ClCompile Include="Game\Scene\TestScenes\SoundTestScene.cpp" />
    <ClCompile Include="Game\Scene\TestScenes\TextScene.cpp" />
    <ClCompile Include="Game\Scene\TestScenes\TestObjectEventSystemScene.cpp" />
    <ClCompile Include="Game\Scene\TestScenes\TestCollision\MovementCollisionTestComponent.cpp" />
    <ClCompile Include="Game\Component\Enemy\ExplosionComponent.cpp" />
    <ClCompile Include="Game\Component\Shooting\Projectiles\HomingShotComponent.cpp" />
    <ClCompile Include="Game\Scene\CreditScene.cpp" />
    <ClCompile Include="Game\Scene\ParticleEditorScene\ParticleEditorScene.cpp" />
    <ClCompile Include="Game\Scene\OptionsScene.cpp" />
    <ClCompile Include="Game\Scene\SceneRegistry.cpp" />
    <ClCompile Include="Game\Scene\ModelViewerScene\ModelViewerScene.cpp" />
    <ClCompile Include="Game\Component\Controller\AI\Mothership\AIMothershipComponent.cpp" />
    <ClCompile Include="Game\Component\Controller\AI\Mothership\AIMothershipShieldComponent.cpp" />
    <ClCompile Include="Game\Component\Shooting\Projectiles\BeamShotComponent.cpp" />
    <ClCompile Include="Game\Dialog\DialogNode.cpp" />
    <ClCompile Include="Game\Dialog\DialogChain.cpp" />
    <ClCompile Include="Game\Scene\PauseMenuScene.cpp" />
    <ClCompile Include="Game\Component\Controller\AI\Mothership\AIMothershipTurretComponent.cpp" />
    <ClCompile Include="Game\DebugRegistry.cpp" />
    <ClCompile Include="Game\Scene\TestScenes\SpriteInstancingScene.cpp" />
  </ItemGroup>
  <ItemGroup>
    <Filter Include="Samples">
      <UniqueIdentifier>{1b727af7-3b68-415d-a128-862d4f2bfff7}</UniqueIdentifier>
    </Filter>
    <Filter Include="Scenes">
      <UniqueIdentifier>{6bf06b4f-4876-4253-8838-0167811395a8}</UniqueIdentifier>
    </Filter>
  </ItemGroup>
  <ItemGroup>
    <Natvis Include="..\Utilities\GrowingArray.natvis" />
  </ItemGroup>
</Project>