
Microsoft Visual Studio Solution File, Format Version 12.00
# Visual Studio 14
VisualStudioVersion = 14.0.24720.0
MinimumVisualStudioVersion = 10.0.40219.1
Project("{8BC9CEB8-8B4A-11D0-8D11-00A0C91BC942}") = "CeePlusPlusProject", "CeePlusPlusProject\CeePlusPlusProject.vcxproj", "{39B19EA8-B783-4F53-A298-2A9CCB02C18B}"
EndProject
Project("{8BC9CEB8-8B4A-11D0-8D11-00A0C91BC942}") = "CewPlusPlusHandler", "CewPlusPlusHandler\CewPlusPlusHandler.vcxproj", "{98843146-B967-4FB2-BFF9-AB0E63808B0C}"
EndProject
Project("{FAE04EC0-301F-11D3-BF4B-00C04F79EFBC}") = "CeePlusPlusTool", "CeePlusPlusTool\CeePlusPlusTool.csproj", "{0842FA6F-64DE-4602-AEA2-957077DC686E}"
EndProject
Global
	GlobalSection(SolutionConfigurationPlatforms) = preSolution
		Debug|Any CPU = Debug|Any CPU
		Debug|x64 = Debug|x64
		Debug|x86 = Debug|x86
		Release|Any CPU = Release|Any CPU
		Release|x64 = Release|x64
		Release|x86 = Release|x86
	EndGlobalSection
	GlobalSection(ProjectConfigurationPlatforms) = postSolution
		{39B19EA8-B783-4F53-A298-2A9CCB02C18B}.Debug|Any CPU.ActiveCfg = Debug|Win32
		{39B19EA8-B783-4F53-A298-2A9CCB02C18B}.Debug|x64.ActiveCfg = Debug|x64
		{39B19EA8-B783-4F53-A298-2A9CCB02C18B}.Debug|x64.Build.0 = Debug|x64
		{39B19EA8-B783-4F53-A298-2A9CCB02C18B}.Debug|x86.ActiveCfg = Debug|Win32
		{39B19EA8-B783-4F53-A298-2A9CCB02C18B}.Debug|x86.Build.0 = Debug|Win32
		{39B19EA8-B783-4F53-A298-2A9CCB02C18B}.Release|Any CPU.ActiveCfg = Release|Win32
		{39B19EA8-B783-4F53-A298-2A9CCB02C18B}.Release|x64.ActiveCfg = Release|x64
		{39B19EA8-B783-4F53-A298-2A9CCB02C18B}.Release|x64.Build.0 = Release|x64
		{39B19EA8-B783-4F53-A298-2A9CCB02C18B}.Release|x86.ActiveCfg = Release|Win32
		{39B19EA8-B783-4F53-A298-2A9CCB02C18B}.Release|x86.Build.0 = Release|Win32
		{98843146-B967-4FB2-BFF9-AB0E63808B0C}.Debug|Any CPU.ActiveCfg = Debug|Win32
		{98843146-B967-4FB2-BFF9-AB0E63808B0C}.Debug|x64.ActiveCfg = Debug|x64
		{98843146-B967-4FB2-BFF9-AB0E63808B0C}.Debug|x64.Build.0 = Debug|x64
		{98843146-B967-4FB2-BFF9-AB0E63808B0C}.Debug|x86.ActiveCfg = Debug|Win32
		{98843146-B967-4FB2-BFF9-AB0E63808B0C}.Debug|x86.Build.0 = Debug|Win32
		{98843146-B967-4FB2-BFF9-AB0E63808B0C}.Release|Any CPU.ActiveCfg = Release|Win32
		{98843146-B967-4FB2-BFF9-AB0E63808B0C}.Release|x64.ActiveCfg = Release|x64
		{98843146-B967-4FB2-BFF9-AB0E63808B0C}.Release|x64.Build.0 = Release|x64
		{98843146-B967-4FB2-BFF9-AB0E63808B0C}.Release|x86.ActiveCfg = Release|Win32
		{98843146-B967-4FB2-BFF9-AB0E63808B0C}.Release|x86.Build.0 = Release|Win32
		{0842FA6F-64DE-4602-AEA2-957077DC686E}.Debug|Any CPU.ActiveCfg = Debug|Any CPU
		{0842FA6F-64DE-4602-AEA2-957077DC686E}.Debug|Any CPU.Build.0 = Debug|Any CPU
		{0842FA6F-64DE-4602-AEA2-957077DC686E}.Debug|x64.ActiveCfg = Debug|Any CPU
		{0842FA6F-64DE-4602-AEA2-957077DC686E}.Debug|x64.Build.0 = Debug|Any CPU
		{0842FA6F-64DE-4602-AEA2-957077DC686E}.Debug|x86.ActiveCfg = Debug|Any CPU
		{0842FA6F-64DE-4602-AEA2-957077DC686E}.Debug|x86.Build.0 = Debug|Any CPU
		{0842FA6F-64DE-4602-AEA2-957077DC686E}.Release|Any CPU.ActiveCfg = Release|Any CPU
		{0842FA6F-64DE-4602-AEA2-957077DC686E}.Release|Any CPU.Build.0 = Release|Any CPU
		{0842FA6F-64DE-4602-AEA2-957077DC686E}.Release|x64.ActiveCfg = Release|Any CPU
		{0842FA6F-64DE-4602-AEA2-957077DC686E}.Release|x64.Build.0 = Release|Any CPU
		{0842FA6F-64DE-4602-AEA2-957077DC686E}.Release|x86.ActiveCfg = Release|Any CPU
		{0842FA6F-64DE-4602-AEA2-957077DC686E}.Release|x86.Build.0 = Release|Any CPU
	EndGlobalSection
	GlobalSection(SolutionProperties) = preSolution
		HideSolutionNode = FALSE
	EndGlobalSection
EndGlobal
