
Microsoft Visual Studio Solution File, Format Version 12.00
# Visual Studio 2013
VisualStudioVersion = 12.0.30501.0
MinimumVisualStudioVersion = 10.0.40219.1
Project("{8BC9CEB8-8B4A-11D0-8D11-00A0C91BC942}") = "Collusiuns", "Collusiuns\Collusiuns.vcxproj", "{30B3C959-9968-4AA0-9EF1-DC09B671D24C}"
EndProject
Project("{8BC9CEB8-8B4A-11D0-8D11-00A0C91BC942}") = "CommonUtilities", "CommonUtilities\CommonUtilities.vcxproj", "{A41E3ED6-A914-40B1-B1E9-9551E0CC7EAB}"
EndProject
Global
	GlobalSection(SolutionConfigurationPlatforms) = preSolution
		Debug|Win32 = Debug|Win32
		Debug|x64 = Debug|x64
		Release|Win32 = Release|Win32
		Release|x64 = Release|x64
	EndGlobalSection
	GlobalSection(ProjectConfigurationPlatforms) = postSolution
		{30B3C959-9968-4AA0-9EF1-DC09B671D24C}.Debug|Win32.ActiveCfg = Debug|Win32
		{30B3C959-9968-4AA0-9EF1-DC09B671D24C}.Debug|Win32.Build.0 = Debug|Win32
		{30B3C959-9968-4AA0-9EF1-DC09B671D24C}.Debug|x64.ActiveCfg = Debug|Win32
		{30B3C959-9968-4AA0-9EF1-DC09B671D24C}.Release|Win32.ActiveCfg = Release|Win32
		{30B3C959-9968-4AA0-9EF1-DC09B671D24C}.Release|Win32.Build.0 = Release|Win32
		{30B3C959-9968-4AA0-9EF1-DC09B671D24C}.Release|x64.ActiveCfg = Release|Win32
		{A41E3ED6-A914-40B1-B1E9-9551E0CC7EAB}.Debug|Win32.ActiveCfg = Debug|Win32
		{A41E3ED6-A914-40B1-B1E9-9551E0CC7EAB}.Debug|Win32.Build.0 = Debug|Win32
		{A41E3ED6-A914-40B1-B1E9-9551E0CC7EAB}.Debug|x64.ActiveCfg = Debug|x64
		{A41E3ED6-A914-40B1-B1E9-9551E0CC7EAB}.Debug|x64.Build.0 = Debug|x64
		{A41E3ED6-A914-40B1-B1E9-9551E0CC7EAB}.Release|Win32.ActiveCfg = Release|Win32
		{A41E3ED6-A914-40B1-B1E9-9551E0CC7EAB}.Release|Win32.Build.0 = Release|Win32
		{A41E3ED6-A914-40B1-B1E9-9551E0CC7EAB}.Release|x64.ActiveCfg = Release|x64
		{A41E3ED6-A914-40B1-B1E9-9551E0CC7EAB}.Release|x64.Build.0 = Release|x64
	EndGlobalSection
	GlobalSection(SolutionProperties) = preSolution
		HideSolutionNode = FALSE
	EndGlobalSection
EndGlobal
