<?xml version="1.0" encoding="utf-8"?>
<Project ToolsVersion="4.0" xmlns="http://schemas.microsoft.com/developer/msbuild/2003">
  <ItemGroup>
    <Filter Include="CommonUtilities">
      <UniqueIdentifier>{746b5aaa-5191-4ab2-a47a-9c02f9b6cd47}</UniqueIdentifier>
    </Filter>
    <Filter Include="CommonUtilities\Mathematics">
      <UniqueIdentifier>{0d7ef2a8-f80c-424c-a798-439dad452fa3}</UniqueIdentifier>
    </Filter>
    <Filter Include="CommonUtilities\Mathematics\Transformation">
      <UniqueIdentifier>{56fc398d-843e-4d86-8941-818208df2bc1}</UniqueIdentifier>
    </Filter>
    <Filter Include="CommonUtilities\DataStructures">
      <UniqueIdentifier>{2cebf11a-a423-4557-b41f-995d48243691}</UniqueIdentifier>
    </Filter>
    <Filter Include="CommonUtilities\Macros">
      <UniqueIdentifier>{aa1113eb-e292-4f8c-94c9-a73179f2045a}</UniqueIdentifier>
    </Filter>
    <Filter Include="CommonUtilities\Swap">
      <UniqueIdentifier>{265d48cb-c24f-4ba5-a625-6e3693231b58}</UniqueIdentifier>
    </Filter>
    <Filter Include="Resources etc.">
      <UniqueIdentifier>{0260b825-c804-4951-882e-3b0899462748}</UniqueIdentifier>
    </Filter>
    <Filter Include="Resources etc.\Header Files">
      <UniqueIdentifier>{93995380-89BD-4b04-88EB-625FBE52EBFB}</UniqueIdentifier>
      <Extensions>h;hpp;hxx;hm;inl;inc;xsd</Extensions>
    </Filter>
    <Filter Include="Resources etc.\Resource Files">
      <UniqueIdentifier>{67DA6AB6-F800-4c08-8B7A-83BB121AAD01}</UniqueIdentifier>
      <Extensions>rc;ico;cur;bmp;dlg;rc2;rct;bin;rgs;gif;jpg;jpeg;jpe;resx;tiff;tif;png;wav</Extensions>
    </Filter>
    <Filter Include="Resources etc.\Source Files">
      <UniqueIdentifier>{4FC737F1-C7A5-4376-A066-2A32D752A2FF}</UniqueIdentifier>
      <Extensions>cpp;c;cc;cxx;def;odl;idl;hpj;bat;asm;asmx</Extensions>
    </Filter>
  </ItemGroup>
  <ItemGroup>
    <ClInclude Include="CommonUtilities.h">
      <Filter>CommonUtilities</Filter>
    </ClInclude>
    <ClInclude Include="MathDefines.h">
      <Filter>CommonUtilities\Mathematics</Filter>
    </ClInclude>
    <ClInclude Include="Matrix33.h">
      <Filter>CommonUtilities\Mathematics</Filter>
    </ClInclude>
    <ClInclude Include="Matrix44.h">
      <Filter>CommonUtilities\Mathematics</Filter>
    </ClInclude>
    <ClInclude Include="Vector2.h">
      <Filter>CommonUtilities\Mathematics</Filter>
    </ClInclude>
    <ClInclude Include="Vector3.h">
      <Filter>CommonUtilities\Mathematics</Filter>
    </ClInclude>
    <ClInclude Include="Vector4.h">
      <Filter>CommonUtilities\Mathematics</Filter>
    </ClInclude>
    <ClInclude Include="Transformation.h">
      <Filter>CommonUtilities\Mathematics\Transformation</Filter>
    </ClInclude>
    <ClInclude Include="GrowingArray.h">
      <Filter>CommonUtilities\DataStructures</Filter>
    </ClInclude>
    <ClInclude Include="StaticArray.h">
      <Filter>CommonUtilities\DataStructures</Filter>
    </ClInclude>
    <ClInclude Include="CommonMacros.h">
      <Filter>CommonUtilities\Macros</Filter>
    </ClInclude>
    <ClInclude Include="LoopMacros.h">
      <Filter>CommonUtilities\Macros</Filter>
    </ClInclude>
    <ClInclude Include="SwapFunctions.h">
      <Filter>CommonUtilities\Swap</Filter>
    </ClInclude>
    <ClInclude Include="stdafx.h">
      <Filter>Resources etc.\Header Files</Filter>
    </ClInclude>
    <ClInclude Include="targetver.h">
      <Filter>Resources etc.\Header Files</Filter>
    </ClInclude>
  </ItemGroup>
  <ItemGroup>
    <ClCompile Include="Transformation.cpp">
      <Filter>CommonUtilities\Mathematics\Transformation</Filter>
    </ClCompile>
    <ClCompile Include="SwapFunctions.cpp">
      <Filter>CommonUtilities\Swap</Filter>
    </ClCompile>
    <ClCompile Include="stdafx.cpp">
      <Filter>Resources etc.\Source Files</Filter>
    </ClCompile>
  </ItemGroup>
  <ItemGroup>
    <Text Include="ReadMe.txt">
      <Filter>Resources etc.</Filter>
    </Text>
  </ItemGroup>
</Project>