<?xml version="1.0" encoding="utf-8"?>
<Project ToolsVersion="4.0" xmlns="http://schemas.microsoft.com/developer/msbuild/2003">
  <ItemGroup>
    <Filter Include="Source Files">
      <UniqueIdentifier>{4FC737F1-C7A5-4376-A066-2A32D752A2FF}</UniqueIdentifier>
      <Extensions>cpp;c;cc;cxx;def;odl;idl;hpj;bat;asm;asmx</Extensions>
    </Filter>
    <Filter Include="Header Files">
      <UniqueIdentifier>{93995380-89BD-4b04-88EB-625FBE52EBFB}</UniqueIdentifier>
      <Extensions>h;hh;hpp;hxx;hm;inl;inc;xsd</Extensions>
    </Filter>
    <Filter Include="Resource Files">
      <UniqueIdentifier>{67DA6AB6-F800-4c08-8B7A-83BB121AAD01}</UniqueIdentifier>
      <Extensions>rc;ico;cur;bmp;dlg;rc2;rct;bin;rgs;gif;jpg;jpeg;jpe;resx;tiff;tif;png;wav;mfcribbon-ms</Extensions>
    </Filter>
  </ItemGroup>
  <ItemGroup>
    <ClInclude Include="GrowingArray\GrowingArray.h">
      <Filter>Header Files</Filter>
    </ClInclude>
    <ClInclude Include="Matriser\matrix.h">
      <Filter>Header Files</Filter>
    </ClInclude>
    <ClInclude Include="Matriser\matrix33.h">
      <Filter>Header Files</Filter>
    </ClInclude>
    <ClInclude Include="Matriser\matrix44.h">
      <Filter>Header Files</Filter>
    </ClInclude>
    <ClInclude Include="Vectors\Vector.h">
      <Filter>Header Files</Filter>
    </ClInclude>
    <ClInclude Include="Vectors\vector2.h">
      <Filter>Header Files</Filter>
    </ClInclude>
    <ClInclude Include="Vectors\vector3.h">
      <Filter>Header Files</Filter>
    </ClInclude>
    <ClInclude Include="Vectors\vector4.h">
      <Filter>Header Files</Filter>
    </ClInclude>
    <ClInclude Include="InputWrapper\InputWrapper.h">
      <Filter>Header Files</Filter>
    </ClInclude>
    <ClInclude Include="Timer\Time.h">
      <Filter>Header Files</Filter>
    </ClInclude>
    <ClInclude Include="Timer\TimeManager.h">
      <Filter>Header Files</Filter>
    </ClInclude>
    <ClInclude Include="Timer\Timer.h">
      <Filter>Header Files</Filter>
    </ClInclude>
    <ClInclude Include="Macros\Macros.h">
      <Filter>Header Files</Filter>
    </ClInclude>
    <ClInclude Include="StaticArray\StaticArray.h">
      <Filter>Header Files</Filter>
    </ClInclude>
    <ClInclude Include="VectonOnStack\VectorOnStack.h">
      <Filter>Header Files</Filter>
    </ClInclude>
    <ClInclude Include="Queue\ObjectQueue.h">
      <Filter>Header Files</Filter>
    </ClInclude>
    <ClInclude Include="Syncronizer\Syncronizer.h">
      <Filter>Header Files</Filter>
    </ClInclude>
    <ClInclude Include="DLDebug\DL_Debug.h">
      <Filter>Header Files</Filter>
    </ClInclude>
    <ClInclude Include="DLDebug\DL_StackWalker.h">
      <Filter>Header Files</Filter>
    </ClInclude>
    <ClInclude Include="DLDebug\StackWalker\StackWalker.h">
      <Filter>Header Files</Filter>
    </ClInclude>
    <ClInclude Include="NameSpaceAliases.h">
      <Filter>Header Files</Filter>
    </ClInclude>
    <ClInclude Include="Utility\WindowsFunctions.h">
      <Filter>Header Files</Filter>
    </ClInclude>
    <ClInclude Include="Timer\Alarm.h">
      <Filter>Header Files</Filter>
    </ClInclude>
    <ClInclude Include="Intersection\Shapes\BaseShape.h">
      <Filter>Header Files</Filter>
    </ClInclude>
    <ClInclude Include="Intersection\Shapes\Sphere.h">
      <Filter>Header Files</Filter>
    </ClInclude>
    <ClInclude Include="Intersection\Shapes\AABB.h">
      <Filter>Header Files</Filter>
    </ClInclude>
    <ClInclude Include="Intersection\Shapes\LineSegment3D.h">
      <Filter>Header Files</Filter>
    </ClInclude>
    <ClInclude Include="Intersection\Shapes\Fov90Frustum.h">
      <Filter>Header Files</Filter>
    </ClInclude>
    <ClInclude Include="Intersection\Shapes\Intersections.h">
      <Filter>Header Files</Filter>
    </ClInclude>
    <ClInclude Include="Intersection\Shapes\Shapes.h">
      <Filter>Header Files</Filter>
    </ClInclude>
    <ClInclude Include="Lines And Planes\line.h">
      <Filter>Header Files</Filter>
    </ClInclude>
    <ClInclude Include="Lines And Planes\line_volume.h">
      <Filter>Header Files</Filter>
    </ClInclude>
    <ClInclude Include="Lines And Planes\plane.h">
      <Filter>Header Files</Filter>
    </ClInclude>
    <ClInclude Include="Lines And Planes\plane_volume.h">
      <Filter>Header Files</Filter>
    </ClInclude>
    <ClInclude Include="Camera\Camera.h">
      <Filter>Header Files</Filter>
    </ClInclude>
    <ClInclude Include="Intersection\Shapes\LineSegment2D.h">
      <Filter>Header Files</Filter>
    </ClInclude>
  </ItemGroup>
  <ItemGroup>
    <ClCompile Include="CommonUtilites.cpp">
      <Filter>Source Files</Filter>
    </ClCompile>
    <ClCompile Include="InputWrapper\InputWrapper.cpp">
      <Filter>Source Files</Filter>
    </ClCompile>
    <ClCompile Include="Timer\Time.cpp">
      <Filter>Source Files</Filter>
    </ClCompile>
    <ClCompile Include="Timer\TimeManager.cpp">
      <Filter>Source Files</Filter>
    </ClCompile>
    <ClCompile Include="Timer\Timer.cpp">
      <Filter>Source Files</Filter>
    </ClCompile>
    <ClCompile Include="DLDebug\DL_Debug.cpp">
      <Filter>Source Files</Filter>
    </ClCompile>
    <ClCompile Include="DLDebug\DL_StackWalker.cpp">
      <Filter>Source Files</Filter>
    </ClCompile>
    <ClCompile Include="DLDebug\StackWalker\StackWalker.cpp">
      <Filter>Source Files</Filter>
    </ClCompile>
    <ClCompile Include="Timer\Alarm.cpp">
      <Filter>Source Files</Filter>
    </ClCompile>
    <ClCompile Include="Utility\WindowsFunctions.cpp">
      <Filter>Source Files</Filter>
    </ClCompile>
    <ClCompile Include="Intersection\Shapes\BaseShape.cpp">
      <Filter>Source Files</Filter>
    </ClCompile>
    <ClCompile Include="Intersection\Shapes\Sphere.cpp">
      <Filter>Source Files</Filter>
    </ClCompile>
    <ClCompile Include="Intersection\Shapes\AABB.cpp">
      <Filter>Source Files</Filter>
    </ClCompile>
    <ClCompile Include="Intersection\Shapes\LineSegment3D.cpp">
      <Filter>Source Files</Filter>
    </ClCompile>
    <ClCompile Include="Intersection\Shapes\Fov90Frustum.cpp">
      <Filter>Source Files</Filter>
    </ClCompile>
    <ClCompile Include="Camera\Camera.cpp">
      <Filter>Source Files</Filter>
    </ClCompile>
    <ClCompile Include="Intersection\Shapes\LineSegment2D.cpp">
      <Filter>Source Files</Filter>
    </ClCompile>
  </ItemGroup>
  <ItemGroup>
    <None Include="Matriser\matrix33.inl">
      <Filter>Header Files</Filter>
    </None>
    <None Include="Matriser\matrix44.inl">
      <Filter>Header Files</Filter>
    </None>
    <None Include="Vectors\vector2.inl">
      <Filter>Header Files</Filter>
    </None>
    <None Include="Vectors\vector3.inl">
      <Filter>Header Files</Filter>
    </None>
    <None Include="Vectors\vector4.inl">
      <Filter>Header Files</Filter>
    </None>
    <None Include="Syncronizer\Syncronizer.inl">
      <Filter>Header Files</Filter>
    </None>
  </ItemGroup>
</Project>