<?xml version="1.0" encoding="utf-8"?>
<Project ToolsVersion="4.0" xmlns="http://schemas.microsoft.com/developer/msbuild/2003">
  <ItemGroup>
    <Filter Include="Source">
      <UniqueIdentifier>{43ee4f64-ce42-40b0-8a2d-2bea23a865dc}</UniqueIdentifier>
    </Filter>
    <Filter Include="Source\tests">
      <UniqueIdentifier>{f1f55d76-3f6d-4485-b47c-e1288c68f6be}</UniqueIdentifier>
    </Filter>
    <Filter Include="Source\student_code">
      <UniqueIdentifier>{92d3a0fc-67e5-4c36-9763-add9acc102b6}</UniqueIdentifier>
    </Filter>
    <Filter Include="Source\templates">
      <UniqueIdentifier>{0d0755b7-e6e6-4935-8dbc-c7eca0f87279}</UniqueIdentifier>
    </Filter>
  </ItemGroup>
  <ItemGroup>
    <ClCompile Include="source\stdafx.cpp">
      <Filter>Source</Filter>
    </ClCompile>
    <ClCompile Include="source\tests\double_linked_list_tests.cpp">
      <Filter>Source\tests</Filter>
    </ClCompile>
  </ItemGroup>
  <ItemGroup>
    <ClInclude Include="source\stdafx.h">
      <Filter>Source</Filter>
    </ClInclude>
    <ClInclude Include="source\targetver.h">
      <Filter>Source</Filter>
    </ClInclude>
    <ClInclude Include="source\student_code\double_linked_list.h">
      <Filter>Source\student_code</Filter>
    </ClInclude>
    <ClInclude Include="source\templates\double_linked_list.h">
      <Filter>Source\templates</Filter>
    </ClInclude>
  </ItemGroup>
  <ItemGroup>
    <None Include="source\templates\double_linked_list.inl">
      <Filter>Source\templates</Filter>
    </None>
  </ItemGroup>
</Project>