
Microsoft Visual Studio Solution File, Format Version 12.00
# Visual Studio 14
VisualStudioVersion = 14.0.25123.0
MinimumVisualStudioVersion = 10.0.40219.1
Project("{8BC9CEB8-8B4A-11D0-8D11-00A0C91BC942}") = "Application", "Application\Application.vcxproj", "{EFE09952-F4A0-4334-8E51-04E5E5DCB565}"
EndProject
Project("{8BC9CEB8-8B4A-11D0-8D11-00A0C91BC942}") = "Engine", "Engine\Engine.vcxproj", "{FE8F8BDE-C4E9-4F36-BDFC-EC51D159EE3F}"
	ProjectSection(ProjectDependencies) = postProject
		{92D34133-88E5-4FE3-BFE2-96E8A9B316F3} = {92D34133-88E5-4FE3-BFE2-96E8A9B316F3}
		{FCD7EF62-0070-4D53-AC73-4539DABB8E2C} = {FCD7EF62-0070-4D53-AC73-4539DABB8E2C}
	EndProjectSection
EndProject
Project("{8BC9CEB8-8B4A-11D0-8D11-00A0C91BC942}") = "Game", "Game\Game.vcxproj", "{AF116DC0-4F8E-4629-A7FC-79317DFC0BE4}"
EndProject
Project("{8BC9CEB8-8B4A-11D0-8D11-00A0C91BC942}") = "ModelLoader", "ModelLoader\ModelLoader.vcxproj", "{1F6E6E52-A1A6-4E1C-AE3B-7CB5437256B9}"
	ProjectSection(ProjectDependencies) = postProject
		{92D34133-88E5-4FE3-BFE2-96E8A9B316F3} = {92D34133-88E5-4FE3-BFE2-96E8A9B316F3}
	EndProjectSection
EndProject
Project("{8BC9CEB8-8B4A-11D0-8D11-00A0C91BC942}") = "Utilities", "Utilities\Utilities.vcxproj", "{92D34133-88E5-4FE3-BFE2-96E8A9B316F3}"
EndProject
Project("{8BC9CEB8-8B4A-11D0-8D11-00A0C91BC942}") = "Audio", "Audio\Audio\Audio.vcxproj", "{B5915C8F-2AEF-4137-BCBE-152F819860CD}"
EndProject
Project("{8BC9CEB8-8B4A-11D0-8D11-00A0C91BC942}") = "Lua", "Lua\Lua.vcxproj", "{FCD7EF62-0070-4D53-AC73-4539DABB8E2C}"
EndProject
Project("{8BC9CEB8-8B4A-11D0-8D11-00A0C91BC942}") = "ImGui", "ImGui\ImGui.vcxproj", "{F6457BB1-2B8A-423F-B7D7-6D4F26952FC4}"
EndProject
Project("{FAE04EC0-301F-11D3-BF4B-00C04F79EFBC}") = "Launcher", "Launcher\Launcher.csproj", "{7A478560-5CDF-4ABC-B67B-75C95F89F50D}"
EndProject
Project("{8BC9CEB8-8B4A-11D0-8D11-00A0C91BC942}") = "Sandbox", "Sandbox\Sandbox.vcxproj", "{C04FF45D-F442-4C14-B281-031A73F6A964}"
EndProject
Project("{8BC9CEB8-8B4A-11D0-8D11-00A0C91BC942}") = "SandPhysics", "SandPhysics\Physics.vcxproj", "{374E7CFE-A390-4C59-B04A-40E5C8221FFE}"
EndProject
Project("{8BC9CEB8-8B4A-11D0-8D11-00A0C91BC942}") = "Script", "Script\Script.vcxproj", "{51000D3E-91DE-40BA-BDEE-05A37FE44FBF}"
EndProject
Global
	GlobalSection(SolutionConfigurationPlatforms) = preSolution
		Debug|x64 = Debug|x64
		Debug|x86 = Debug|x86
		LD|x64 = LD|x64
		LD|x86 = LD|x86
		Publish|x64 = Publish|x64
		Publish|x86 = Publish|x86
		Release|x64 = Release|x64
		Release|x86 = Release|x86
	EndGlobalSection
	GlobalSection(ProjectConfigurationPlatforms) = postSolution
		{EFE09952-F4A0-4334-8E51-04E5E5DCB565}.Debug|x64.ActiveCfg = Debug|x64
		{EFE09952-F4A0-4334-8E51-04E5E5DCB565}.Debug|x64.Build.0 = Debug|x64
		{EFE09952-F4A0-4334-8E51-04E5E5DCB565}.Debug|x86.ActiveCfg = Debug|Win32
		{EFE09952-F4A0-4334-8E51-04E5E5DCB565}.Debug|x86.Build.0 = Debug|Win32
		{EFE09952-F4A0-4334-8E51-04E5E5DCB565}.LD|x64.ActiveCfg = LD|x64
		{EFE09952-F4A0-4334-8E51-04E5E5DCB565}.LD|x64.Build.0 = LD|x64
		{EFE09952-F4A0-4334-8E51-04E5E5DCB565}.LD|x86.ActiveCfg = LD|Win32
		{EFE09952-F4A0-4334-8E51-04E5E5DCB565}.LD|x86.Build.0 = LD|Win32
		{EFE09952-F4A0-4334-8E51-04E5E5DCB565}.Publish|x64.ActiveCfg = Publish|x64
		{EFE09952-F4A0-4334-8E51-04E5E5DCB565}.Publish|x64.Build.0 = Publish|x64
		{EFE09952-F4A0-4334-8E51-04E5E5DCB565}.Publish|x86.ActiveCfg = Publish|Win32
		{EFE09952-F4A0-4334-8E51-04E5E5DCB565}.Publish|x86.Build.0 = Publish|Win32
		{EFE09952-F4A0-4334-8E51-04E5E5DCB565}.Release|x64.ActiveCfg = Release|x64
		{EFE09952-F4A0-4334-8E51-04E5E5DCB565}.Release|x64.Build.0 = Release|x64
		{EFE09952-F4A0-4334-8E51-04E5E5DCB565}.Release|x86.ActiveCfg = Release|Win32
		{EFE09952-F4A0-4334-8E51-04E5E5DCB565}.Release|x86.Build.0 = Release|Win32
		{FE8F8BDE-C4E9-4F36-BDFC-EC51D159EE3F}.Debug|x64.ActiveCfg = Debug|x64
		{FE8F8BDE-C4E9-4F36-BDFC-EC51D159EE3F}.Debug|x64.Build.0 = Debug|x64
		{FE8F8BDE-C4E9-4F36-BDFC-EC51D159EE3F}.Debug|x86.ActiveCfg = Debug|Win32
		{FE8F8BDE-C4E9-4F36-BDFC-EC51D159EE3F}.Debug|x86.Build.0 = Debug|Win32
		{FE8F8BDE-C4E9-4F36-BDFC-EC51D159EE3F}.LD|x64.ActiveCfg = LD|x64
		{FE8F8BDE-C4E9-4F36-BDFC-EC51D159EE3F}.LD|x64.Build.0 = LD|x64
		{FE8F8BDE-C4E9-4F36-BDFC-EC51D159EE3F}.LD|x86.ActiveCfg = LD|Win32
		{FE8F8BDE-C4E9-4F36-BDFC-EC51D159EE3F}.LD|x86.Build.0 = LD|Win32
		{FE8F8BDE-C4E9-4F36-BDFC-EC51D159EE3F}.Publish|x64.ActiveCfg = Publish|x64
		{FE8F8BDE-C4E9-4F36-BDFC-EC51D159EE3F}.Publish|x64.Build.0 = Publish|x64
		{FE8F8BDE-C4E9-4F36-BDFC-EC51D159EE3F}.Publish|x86.ActiveCfg = Publish|Win32
		{FE8F8BDE-C4E9-4F36-BDFC-EC51D159EE3F}.Publish|x86.Build.0 = Publish|Win32
		{FE8F8BDE-C4E9-4F36-BDFC-EC51D159EE3F}.Release|x64.ActiveCfg = Release|x64
		{FE8F8BDE-C4E9-4F36-BDFC-EC51D159EE3F}.Release|x64.Build.0 = Release|x64
		{FE8F8BDE-C4E9-4F36-BDFC-EC51D159EE3F}.Release|x86.ActiveCfg = Release|Win32
		{FE8F8BDE-C4E9-4F36-BDFC-EC51D159EE3F}.Release|x86.Build.0 = Release|Win32
		{AF116DC0-4F8E-4629-A7FC-79317DFC0BE4}.Debug|x64.ActiveCfg = Debug|x64
		{AF116DC0-4F8E-4629-A7FC-79317DFC0BE4}.Debug|x64.Build.0 = Debug|x64
		{AF116DC0-4F8E-4629-A7FC-79317DFC0BE4}.Debug|x86.ActiveCfg = Debug|Win32
		{AF116DC0-4F8E-4629-A7FC-79317DFC0BE4}.Debug|x86.Build.0 = Debug|Win32
		{AF116DC0-4F8E-4629-A7FC-79317DFC0BE4}.LD|x64.ActiveCfg = LD|x64
		{AF116DC0-4F8E-4629-A7FC-79317DFC0BE4}.LD|x64.Build.0 = LD|x64
		{AF116DC0-4F8E-4629-A7FC-79317DFC0BE4}.LD|x86.ActiveCfg = LD|Win32
		{AF116DC0-4F8E-4629-A7FC-79317DFC0BE4}.LD|x86.Build.0 = LD|Win32
		{AF116DC0-4F8E-4629-A7FC-79317DFC0BE4}.Publish|x64.ActiveCfg = Publish|x64
		{AF116DC0-4F8E-4629-A7FC-79317DFC0BE4}.Publish|x64.Build.0 = Publish|x64
		{AF116DC0-4F8E-4629-A7FC-79317DFC0BE4}.Publish|x86.ActiveCfg = Publish|Win32
		{AF116DC0-4F8E-4629-A7FC-79317DFC0BE4}.Publish|x86.Build.0 = Publish|Win32
		{AF116DC0-4F8E-4629-A7FC-79317DFC0BE4}.Release|x64.ActiveCfg = Release|x64
		{AF116DC0-4F8E-4629-A7FC-79317DFC0BE4}.Release|x64.Build.0 = Release|x64
		{AF116DC0-4F8E-4629-A7FC-79317DFC0BE4}.Release|x86.ActiveCfg = Release|Win32
		{AF116DC0-4F8E-4629-A7FC-79317DFC0BE4}.Release|x86.Build.0 = Release|Win32
		{1F6E6E52-A1A6-4E1C-AE3B-7CB5437256B9}.Debug|x64.ActiveCfg = Debug|x64
		{1F6E6E52-A1A6-4E1C-AE3B-7CB5437256B9}.Debug|x64.Build.0 = Debug|x64
		{1F6E6E52-A1A6-4E1C-AE3B-7CB5437256B9}.Debug|x86.ActiveCfg = Debug|Win32
		{1F6E6E52-A1A6-4E1C-AE3B-7CB5437256B9}.Debug|x86.Build.0 = Debug|Win32
		{1F6E6E52-A1A6-4E1C-AE3B-7CB5437256B9}.LD|x64.ActiveCfg = LD|x64
		{1F6E6E52-A1A6-4E1C-AE3B-7CB5437256B9}.LD|x64.Build.0 = LD|x64
		{1F6E6E52-A1A6-4E1C-AE3B-7CB5437256B9}.LD|x86.ActiveCfg = LD|Win32
		{1F6E6E52-A1A6-4E1C-AE3B-7CB5437256B9}.LD|x86.Build.0 = LD|Win32
		{1F6E6E52-A1A6-4E1C-AE3B-7CB5437256B9}.Publish|x64.ActiveCfg = Release|x64
		{1F6E6E52-A1A6-4E1C-AE3B-7CB5437256B9}.Publish|x64.Build.0 = Release|x64
		{1F6E6E52-A1A6-4E1C-AE3B-7CB5437256B9}.Publish|x86.ActiveCfg = Release|Win32
		{1F6E6E52-A1A6-4E1C-AE3B-7CB5437256B9}.Publish|x86.Build.0 = Release|Win32
		{1F6E6E52-A1A6-4E1C-AE3B-7CB5437256B9}.Release|x64.ActiveCfg = Release|x64
		{1F6E6E52-A1A6-4E1C-AE3B-7CB5437256B9}.Release|x64.Build.0 = Release|x64
		{1F6E6E52-A1A6-4E1C-AE3B-7CB5437256B9}.Release|x86.ActiveCfg = Release|Win32
		{1F6E6E52-A1A6-4E1C-AE3B-7CB5437256B9}.Release|x86.Build.0 = Release|Win32
		{92D34133-88E5-4FE3-BFE2-96E8A9B316F3}.Debug|x64.ActiveCfg = Debug|x64
		{92D34133-88E5-4FE3-BFE2-96E8A9B316F3}.Debug|x64.Build.0 = Debug|x64
		{92D34133-88E5-4FE3-BFE2-96E8A9B316F3}.Debug|x86.ActiveCfg = Debug|Win32
		{92D34133-88E5-4FE3-BFE2-96E8A9B316F3}.Debug|x86.Build.0 = Debug|Win32
		{92D34133-88E5-4FE3-BFE2-96E8A9B316F3}.LD|x64.ActiveCfg = LD|x64
		{92D34133-88E5-4FE3-BFE2-96E8A9B316F3}.LD|x64.Build.0 = LD|x64
		{92D34133-88E5-4FE3-BFE2-96E8A9B316F3}.LD|x86.ActiveCfg = LD|Win32
		{92D34133-88E5-4FE3-BFE2-96E8A9B316F3}.LD|x86.Build.0 = LD|Win32
		{92D34133-88E5-4FE3-BFE2-96E8A9B316F3}.Publish|x64.ActiveCfg = Release|x64
		{92D34133-88E5-4FE3-BFE2-96E8A9B316F3}.Publish|x64.Build.0 = Release|x64
		{92D34133-88E5-4FE3-BFE2-96E8A9B316F3}.Publish|x86.ActiveCfg = Release|Win32
		{92D34133-88E5-4FE3-BFE2-96E8A9B316F3}.Publish|x86.Build.0 = Release|Win32
		{92D34133-88E5-4FE3-BFE2-96E8A9B316F3}.Release|x64.ActiveCfg = Release|x64
		{92D34133-88E5-4FE3-BFE2-96E8A9B316F3}.Release|x64.Build.0 = Release|x64
		{92D34133-88E5-4FE3-BFE2-96E8A9B316F3}.Release|x86.ActiveCfg = Release|Win32
		{92D34133-88E5-4FE3-BFE2-96E8A9B316F3}.Release|x86.Build.0 = Release|Win32
		{B5915C8F-2AEF-4137-BCBE-152F819860CD}.Debug|x64.ActiveCfg = Debug|x64
		{B5915C8F-2AEF-4137-BCBE-152F819860CD}.Debug|x64.Build.0 = Debug|x64
		{B5915C8F-2AEF-4137-BCBE-152F819860CD}.Debug|x86.ActiveCfg = Debug|Win32
		{B5915C8F-2AEF-4137-BCBE-152F819860CD}.Debug|x86.Build.0 = Debug|Win32
		{B5915C8F-2AEF-4137-BCBE-152F819860CD}.LD|x64.ActiveCfg = LD|x64
		{B5915C8F-2AEF-4137-BCBE-152F819860CD}.LD|x64.Build.0 = LD|x64
		{B5915C8F-2AEF-4137-BCBE-152F819860CD}.LD|x86.ActiveCfg = LD|Win32
		{B5915C8F-2AEF-4137-BCBE-152F819860CD}.LD|x86.Build.0 = LD|Win32
		{B5915C8F-2AEF-4137-BCBE-152F819860CD}.Publish|x64.ActiveCfg = Publish|x64
		{B5915C8F-2AEF-4137-BCBE-152F819860CD}.Publish|x64.Build.0 = Publish|x64
		{B5915C8F-2AEF-4137-BCBE-152F819860CD}.Publish|x86.ActiveCfg = Release|Win32
		{B5915C8F-2AEF-4137-BCBE-152F819860CD}.Publish|x86.Build.0 = Release|Win32
		{B5915C8F-2AEF-4137-BCBE-152F819860CD}.Release|x64.ActiveCfg = Release|x64
		{B5915C8F-2AEF-4137-BCBE-152F819860CD}.Release|x64.Build.0 = Release|x64
		{B5915C8F-2AEF-4137-BCBE-152F819860CD}.Release|x86.ActiveCfg = Release|Win32
		{B5915C8F-2AEF-4137-BCBE-152F819860CD}.Release|x86.Build.0 = Release|Win32
		{FCD7EF62-0070-4D53-AC73-4539DABB8E2C}.Debug|x64.ActiveCfg = Debug|x64
		{FCD7EF62-0070-4D53-AC73-4539DABB8E2C}.Debug|x64.Build.0 = Debug|x64
		{FCD7EF62-0070-4D53-AC73-4539DABB8E2C}.Debug|x86.ActiveCfg = Debug|Win32
		{FCD7EF62-0070-4D53-AC73-4539DABB8E2C}.Debug|x86.Build.0 = Debug|Win32
		{FCD7EF62-0070-4D53-AC73-4539DABB8E2C}.LD|x64.ActiveCfg = LD|x64
		{FCD7EF62-0070-4D53-AC73-4539DABB8E2C}.LD|x64.Build.0 = LD|x64
		{FCD7EF62-0070-4D53-AC73-4539DABB8E2C}.LD|x86.ActiveCfg = LD|Win32
		{FCD7EF62-0070-4D53-AC73-4539DABB8E2C}.LD|x86.Build.0 = LD|Win32
		{FCD7EF62-0070-4D53-AC73-4539DABB8E2C}.Publish|x64.ActiveCfg = Release|x64
		{FCD7EF62-0070-4D53-AC73-4539DABB8E2C}.Publish|x64.Build.0 = Release|x64
		{FCD7EF62-0070-4D53-AC73-4539DABB8E2C}.Publish|x86.ActiveCfg = Release|Win32
		{FCD7EF62-0070-4D53-AC73-4539DABB8E2C}.Publish|x86.Build.0 = Release|Win32
		{FCD7EF62-0070-4D53-AC73-4539DABB8E2C}.Release|x64.ActiveCfg = Release|x64
		{FCD7EF62-0070-4D53-AC73-4539DABB8E2C}.Release|x64.Build.0 = Release|x64
		{FCD7EF62-0070-4D53-AC73-4539DABB8E2C}.Release|x86.ActiveCfg = Release|Win32
		{FCD7EF62-0070-4D53-AC73-4539DABB8E2C}.Release|x86.Build.0 = Release|Win32
		{F6457BB1-2B8A-423F-B7D7-6D4F26952FC4}.Debug|x64.ActiveCfg = Debug|x64
		{F6457BB1-2B8A-423F-B7D7-6D4F26952FC4}.Debug|x64.Build.0 = Debug|x64
		{F6457BB1-2B8A-423F-B7D7-6D4F26952FC4}.Debug|x86.ActiveCfg = Debug|Win32
		{F6457BB1-2B8A-423F-B7D7-6D4F26952FC4}.Debug|x86.Build.0 = Debug|Win32
		{F6457BB1-2B8A-423F-B7D7-6D4F26952FC4}.LD|x64.ActiveCfg = LD|x64
		{F6457BB1-2B8A-423F-B7D7-6D4F26952FC4}.LD|x64.Build.0 = LD|x64
		{F6457BB1-2B8A-423F-B7D7-6D4F26952FC4}.LD|x86.ActiveCfg = LD|Win32
		{F6457BB1-2B8A-423F-B7D7-6D4F26952FC4}.LD|x86.Build.0 = LD|Win32
		{F6457BB1-2B8A-423F-B7D7-6D4F26952FC4}.Publish|x64.ActiveCfg = Release|x64
		{F6457BB1-2B8A-423F-B7D7-6D4F26952FC4}.Publish|x64.Build.0 = Release|x64
		{F6457BB1-2B8A-423F-B7D7-6D4F26952FC4}.Publish|x86.ActiveCfg = Release|Win32
		{F6457BB1-2B8A-423F-B7D7-6D4F26952FC4}.Publish|x86.Build.0 = Release|Win32
		{F6457BB1-2B8A-423F-B7D7-6D4F26952FC4}.Release|x64.ActiveCfg = Release|x64
		{F6457BB1-2B8A-423F-B7D7-6D4F26952FC4}.Release|x64.Build.0 = Release|x64
		{F6457BB1-2B8A-423F-B7D7-6D4F26952FC4}.Release|x86.ActiveCfg = Release|Win32
		{F6457BB1-2B8A-423F-B7D7-6D4F26952FC4}.Release|x86.Build.0 = Release|Win32
		{7A478560-5CDF-4ABC-B67B-75C95F89F50D}.Debug|x64.ActiveCfg = Debug|Any CPU
		{7A478560-5CDF-4ABC-B67B-75C95F89F50D}.Debug|x64.Build.0 = Debug|Any CPU
		{7A478560-5CDF-4ABC-B67B-75C95F89F50D}.Debug|x86.ActiveCfg = Debug|Any CPU
		{7A478560-5CDF-4ABC-B67B-75C95F89F50D}.Debug|x86.Build.0 = Debug|Any CPU
		{7A478560-5CDF-4ABC-B67B-75C95F89F50D}.LD|x64.ActiveCfg = Release|Any CPU
		{7A478560-5CDF-4ABC-B67B-75C95F89F50D}.LD|x64.Build.0 = Release|Any CPU
		{7A478560-5CDF-4ABC-B67B-75C95F89F50D}.LD|x86.ActiveCfg = Release|Any CPU
		{7A478560-5CDF-4ABC-B67B-75C95F89F50D}.LD|x86.Build.0 = Release|Any CPU
		{7A478560-5CDF-4ABC-B67B-75C95F89F50D}.Publish|x64.ActiveCfg = Release|Any CPU
		{7A478560-5CDF-4ABC-B67B-75C95F89F50D}.Publish|x64.Build.0 = Release|Any CPU
		{7A478560-5CDF-4ABC-B67B-75C95F89F50D}.Publish|x86.ActiveCfg = Release|Any CPU
		{7A478560-5CDF-4ABC-B67B-75C95F89F50D}.Publish|x86.Build.0 = Release|Any CPU
		{7A478560-5CDF-4ABC-B67B-75C95F89F50D}.Release|x64.ActiveCfg = Release|Any CPU
		{7A478560-5CDF-4ABC-B67B-75C95F89F50D}.Release|x64.Build.0 = Release|Any CPU
		{7A478560-5CDF-4ABC-B67B-75C95F89F50D}.Release|x86.ActiveCfg = Release|Any CPU
		{7A478560-5CDF-4ABC-B67B-75C95F89F50D}.Release|x86.Build.0 = Release|Any CPU
		{C04FF45D-F442-4C14-B281-031A73F6A964}.Debug|x64.ActiveCfg = Debug|x64
		{C04FF45D-F442-4C14-B281-031A73F6A964}.Debug|x64.Build.0 = Debug|x64
		{C04FF45D-F442-4C14-B281-031A73F6A964}.Debug|x86.ActiveCfg = Debug|Win32
		{C04FF45D-F442-4C14-B281-031A73F6A964}.Debug|x86.Build.0 = Debug|Win32
		{C04FF45D-F442-4C14-B281-031A73F6A964}.LD|x64.ActiveCfg = Release|x64
		{C04FF45D-F442-4C14-B281-031A73F6A964}.LD|x64.Build.0 = Release|x64
		{C04FF45D-F442-4C14-B281-031A73F6A964}.LD|x86.ActiveCfg = Release|Win32
		{C04FF45D-F442-4C14-B281-031A73F6A964}.LD|x86.Build.0 = Release|Win32
		{C04FF45D-F442-4C14-B281-031A73F6A964}.Publish|x64.ActiveCfg = Release|x64
		{C04FF45D-F442-4C14-B281-031A73F6A964}.Publish|x64.Build.0 = Release|x64
		{C04FF45D-F442-4C14-B281-031A73F6A964}.Publish|x86.ActiveCfg = Release|Win32
		{C04FF45D-F442-4C14-B281-031A73F6A964}.Publish|x86.Build.0 = Release|Win32
		{C04FF45D-F442-4C14-B281-031A73F6A964}.Release|x64.ActiveCfg = Release|x64
		{C04FF45D-F442-4C14-B281-031A73F6A964}.Release|x64.Build.0 = Release|x64
		{C04FF45D-F442-4C14-B281-031A73F6A964}.Release|x86.ActiveCfg = Release|Win32
		{C04FF45D-F442-4C14-B281-031A73F6A964}.Release|x86.Build.0 = Release|Win32
		{374E7CFE-A390-4C59-B04A-40E5C8221FFE}.Debug|x64.ActiveCfg = Debug|x64
		{374E7CFE-A390-4C59-B04A-40E5C8221FFE}.Debug|x64.Build.0 = Debug|x64
		{374E7CFE-A390-4C59-B04A-40E5C8221FFE}.Debug|x86.ActiveCfg = Debug|Win32
		{374E7CFE-A390-4C59-B04A-40E5C8221FFE}.Debug|x86.Build.0 = Debug|Win32
		{374E7CFE-A390-4C59-B04A-40E5C8221FFE}.LD|x64.ActiveCfg = Release|x64
		{374E7CFE-A390-4C59-B04A-40E5C8221FFE}.LD|x64.Build.0 = Release|x64
		{374E7CFE-A390-4C59-B04A-40E5C8221FFE}.LD|x86.ActiveCfg = Release|Win32
		{374E7CFE-A390-4C59-B04A-40E5C8221FFE}.LD|x86.Build.0 = Release|Win32
		{374E7CFE-A390-4C59-B04A-40E5C8221FFE}.Publish|x64.ActiveCfg = Release|x64
		{374E7CFE-A390-4C59-B04A-40E5C8221FFE}.Publish|x64.Build.0 = Release|x64
		{374E7CFE-A390-4C59-B04A-40E5C8221FFE}.Publish|x86.ActiveCfg = Release|Win32
		{374E7CFE-A390-4C59-B04A-40E5C8221FFE}.Publish|x86.Build.0 = Release|Win32
		{374E7CFE-A390-4C59-B04A-40E5C8221FFE}.Release|x64.ActiveCfg = Release|x64
		{374E7CFE-A390-4C59-B04A-40E5C8221FFE}.Release|x64.Build.0 = Release|x64
		{374E7CFE-A390-4C59-B04A-40E5C8221FFE}.Release|x86.ActiveCfg = Release|Win32
		{374E7CFE-A390-4C59-B04A-40E5C8221FFE}.Release|x86.Build.0 = Release|Win32
		{51000D3E-91DE-40BA-BDEE-05A37FE44FBF}.Debug|x64.ActiveCfg = Debug|x64
		{51000D3E-91DE-40BA-BDEE-05A37FE44FBF}.Debug|x64.Build.0 = Debug|x64
		{51000D3E-91DE-40BA-BDEE-05A37FE44FBF}.Debug|x86.ActiveCfg = Debug|Win32
		{51000D3E-91DE-40BA-BDEE-05A37FE44FBF}.Debug|x86.Build.0 = Debug|Win32
		{51000D3E-91DE-40BA-BDEE-05A37FE44FBF}.LD|x64.ActiveCfg = Release|x64
		{51000D3E-91DE-40BA-BDEE-05A37FE44FBF}.LD|x64.Build.0 = Release|x64
		{51000D3E-91DE-40BA-BDEE-05A37FE44FBF}.LD|x86.ActiveCfg = Release|Win32
		{51000D3E-91DE-40BA-BDEE-05A37FE44FBF}.LD|x86.Build.0 = Release|Win32
		{51000D3E-91DE-40BA-BDEE-05A37FE44FBF}.Publish|x64.ActiveCfg = Release|x64
		{51000D3E-91DE-40BA-BDEE-05A37FE44FBF}.Publish|x64.Build.0 = Release|x64
		{51000D3E-91DE-40BA-BDEE-05A37FE44FBF}.Publish|x86.ActiveCfg = Release|Win32
		{51000D3E-91DE-40BA-BDEE-05A37FE44FBF}.Publish|x86.Build.0 = Release|Win32
		{51000D3E-91DE-40BA-BDEE-05A37FE44FBF}.Release|x64.ActiveCfg = Release|x64
		{51000D3E-91DE-40BA-BDEE-05A37FE44FBF}.Release|x64.Build.0 = Release|x64
		{51000D3E-91DE-40BA-BDEE-05A37FE44FBF}.Release|x86.ActiveCfg = Release|Win32
		{51000D3E-91DE-40BA-BDEE-05A37FE44FBF}.Release|x86.Build.0 = Release|Win32
	EndGlobalSection
	GlobalSection(SolutionProperties) = preSolution
		HideSolutionNode = FALSE
	EndGlobalSection
EndGlobal
