
Microsoft Visual Studio Solution File, Format Version 12.00
# Visual Studio 14
VisualStudioVersion = 14.0.25420.1
MinimumVisualStudioVersion = 10.0.40219.1
Project("{8BC9CEB8-8B4A-11D0-8D11-00A0C91BC942}") = "MakingTestWindow", "MakingTestWindow\MakingTestWindow.vcxproj", "{11D66AE4-EC79-42BA-9564-03450F14351E}"
EndProject
Project("{8BC9CEB8-8B4A-11D0-8D11-00A0C91BC942}") = "CommonUtilities", "CommonUtilities\CommonUtilities.vcxproj", "{A41E3ED6-A914-40B1-B1E9-9551E0CC7EAB}"
EndProject
Global
	GlobalSection(SolutionConfigurationPlatforms) = preSolution
		Debug|x64 = Debug|x64
		Debug|x86 = Debug|x86
		DevMode|x64 = DevMode|x64
		DevMode|x86 = DevMode|x86
		Release|x64 = Release|x64
		Release|x86 = Release|x86
		TestShit|x64 = TestShit|x64
		TestShit|x86 = TestShit|x86
	EndGlobalSection
	GlobalSection(ProjectConfigurationPlatforms) = postSolution
		{11D66AE4-EC79-42BA-9564-03450F14351E}.Debug|x64.ActiveCfg = Debug|x64
		{11D66AE4-EC79-42BA-9564-03450F14351E}.Debug|x64.Build.0 = Debug|x64
		{11D66AE4-EC79-42BA-9564-03450F14351E}.Debug|x86.ActiveCfg = Debug|Win32
		{11D66AE4-EC79-42BA-9564-03450F14351E}.Debug|x86.Build.0 = Debug|Win32
		{11D66AE4-EC79-42BA-9564-03450F14351E}.DevMode|x64.ActiveCfg = Debug|x64
		{11D66AE4-EC79-42BA-9564-03450F14351E}.DevMode|x64.Build.0 = Debug|x64
		{11D66AE4-EC79-42BA-9564-03450F14351E}.DevMode|x86.ActiveCfg = Debug|Win32
		{11D66AE4-EC79-42BA-9564-03450F14351E}.DevMode|x86.Build.0 = Debug|Win32
		{11D66AE4-EC79-42BA-9564-03450F14351E}.Release|x64.ActiveCfg = Release|x64
		{11D66AE4-EC79-42BA-9564-03450F14351E}.Release|x64.Build.0 = Release|x64
		{11D66AE4-EC79-42BA-9564-03450F14351E}.Release|x86.ActiveCfg = Release|Win32
		{11D66AE4-EC79-42BA-9564-03450F14351E}.Release|x86.Build.0 = Release|Win32
		{11D66AE4-EC79-42BA-9564-03450F14351E}.TestShit|x64.ActiveCfg = Release|x64
		{11D66AE4-EC79-42BA-9564-03450F14351E}.TestShit|x64.Build.0 = Release|x64
		{11D66AE4-EC79-42BA-9564-03450F14351E}.TestShit|x86.ActiveCfg = Release|Win32
		{11D66AE4-EC79-42BA-9564-03450F14351E}.TestShit|x86.Build.0 = Release|Win32
		{A41E3ED6-A914-40B1-B1E9-9551E0CC7EAB}.Debug|x64.ActiveCfg = Debug|x64
		{A41E3ED6-A914-40B1-B1E9-9551E0CC7EAB}.Debug|x64.Build.0 = Debug|x64
		{A41E3ED6-A914-40B1-B1E9-9551E0CC7EAB}.Debug|x86.ActiveCfg = Debug|Win32
		{A41E3ED6-A914-40B1-B1E9-9551E0CC7EAB}.Debug|x86.Build.0 = Debug|Win32
		{A41E3ED6-A914-40B1-B1E9-9551E0CC7EAB}.DevMode|x64.ActiveCfg = DevMode|x64
		{A41E3ED6-A914-40B1-B1E9-9551E0CC7EAB}.DevMode|x64.Build.0 = DevMode|x64
		{A41E3ED6-A914-40B1-B1E9-9551E0CC7EAB}.DevMode|x86.ActiveCfg = DevMode|Win32
		{A41E3ED6-A914-40B1-B1E9-9551E0CC7EAB}.DevMode|x86.Build.0 = DevMode|Win32
		{A41E3ED6-A914-40B1-B1E9-9551E0CC7EAB}.Release|x64.ActiveCfg = Release|x64
		{A41E3ED6-A914-40B1-B1E9-9551E0CC7EAB}.Release|x64.Build.0 = Release|x64
		{A41E3ED6-A914-40B1-B1E9-9551E0CC7EAB}.Release|x86.ActiveCfg = Release|Win32
		{A41E3ED6-A914-40B1-B1E9-9551E0CC7EAB}.Release|x86.Build.0 = Release|Win32
		{A41E3ED6-A914-40B1-B1E9-9551E0CC7EAB}.TestShit|x64.ActiveCfg = TestShit|x64
		{A41E3ED6-A914-40B1-B1E9-9551E0CC7EAB}.TestShit|x64.Build.0 = TestShit|x64
		{A41E3ED6-A914-40B1-B1E9-9551E0CC7EAB}.TestShit|x86.ActiveCfg = TestShit|Win32
		{A41E3ED6-A914-40B1-B1E9-9551E0CC7EAB}.TestShit|x86.Build.0 = TestShit|Win32
	EndGlobalSection
	GlobalSection(SolutionProperties) = preSolution
		HideSolutionNode = FALSE
	EndGlobalSection
EndGlobal
