
Microsoft Visual Studio Solution File, Format Version 12.00
# Visual Studio 2013
VisualStudioVersion = 12.0.30501.0
MinimumVisualStudioVersion = 10.0.40219.1
Project("{8BC9CEB8-8B4A-11D0-8D11-00A0C91BC942}") = "Labb19", "Labb19\Labb19.vcxproj", "{93ED4194-195B-4987-8A23-2D65A6E26B8B}"
EndProject
Global
	GlobalSection(SolutionConfigurationPlatforms) = preSolution
		Debug|Win32 = Debug|Win32
		Release|Win32 = Release|Win32
	EndGlobalSection
	GlobalSection(ProjectConfigurationPlatforms) = postSolution
		{93ED4194-195B-4987-8A23-2D65A6E26B8B}.Debug|Win32.ActiveCfg = Debug|Win32
		{93ED4194-195B-4987-8A23-2D65A6E26B8B}.Debug|Win32.Build.0 = Debug|Win32
		{93ED4194-195B-4987-8A23-2D65A6E26B8B}.Release|Win32.ActiveCfg = Release|Win32
		{93ED4194-195B-4987-8A23-2D65A6E26B8B}.Release|Win32.Build.0 = Release|Win32
	EndGlobalSection
	GlobalSection(SolutionProperties) = preSolution
		HideSolutionNode = FALSE
	EndGlobalSection
EndGlobal
