<?xml version="1.0" encoding="utf-8"?>
<Project ToolsVersion="4.0" xmlns="http://schemas.microsoft.com/developer/msbuild/2003">
  <ItemGroup>
    <Filter Include="Resource Files">
      <UniqueIdentifier>{67DA6AB6-F800-4c08-8B7A-83BB121AAD01}</UniqueIdentifier>
      <Extensions>rc;ico;cur;bmp;dlg;rc2;rct;bin;rgs;gif;jpg;jpeg;jpe;resx;tiff;tif;png;wav</Extensions>
    </Filter>
    <Filter Include="Game">
      <UniqueIdentifier>{3437e54d-983e-4c98-83a3-338c2b83b141}</UniqueIdentifier>
    </Filter>
    <Filter Include="Game\TileGrid">
      <UniqueIdentifier>{279672eb-d644-4676-9d73-524076d6a9e0}</UniqueIdentifier>
    </Filter>
    <Filter Include="Game\Dot">
      <UniqueIdentifier>{7ae7f078-11f0-4eac-b798-82c44d8a0366}</UniqueIdentifier>
    </Filter>
    <Filter Include="Game\Cherry">
      <UniqueIdentifier>{3652ea96-5012-434c-8041-093a06f82962}</UniqueIdentifier>
    </Filter>
    <Filter Include="Game\Player">
      <UniqueIdentifier>{4365572d-4a7e-4b1b-b1b3-e26106755b09}</UniqueIdentifier>
    </Filter>
    <Filter Include="Game\Enemy">
      <UniqueIdentifier>{b66ae8d9-6360-4508-b6db-710b47db0d32}</UniqueIdentifier>
    </Filter>
    <Filter Include="Main">
      <UniqueIdentifier>{70375ced-182c-402f-9842-1a4ba17bc11f}</UniqueIdentifier>
    </Filter>
  </ItemGroup>
  <ItemGroup>
    <ClCompile Include="Conditions.cpp">
      <Filter>Game</Filter>
    </ClCompile>
    <ClCompile Include="Game.cpp">
      <Filter>Game</Filter>
    </ClCompile>
    <ClCompile Include="HgeSingelton.cpp">
      <Filter>Game</Filter>
    </ClCompile>
    <ClCompile Include="ScoreCounter.cpp">
      <Filter>Game</Filter>
    </ClCompile>
    <ClCompile Include="VisualRep.cpp">
      <Filter>Game</Filter>
    </ClCompile>
    <ClCompile Include="Astar.cpp">
      <Filter>Game\TileGrid</Filter>
    </ClCompile>
    <ClCompile Include="TileGrid.cpp">
      <Filter>Game\TileGrid</Filter>
    </ClCompile>
    <ClCompile Include="Dot.cpp">
      <Filter>Game\Dot</Filter>
    </ClCompile>
    <ClCompile Include="DotContainer.cpp">
      <Filter>Game\Dot</Filter>
    </ClCompile>
    <ClCompile Include="Cherry.cpp">
      <Filter>Game\Cherry</Filter>
    </ClCompile>
    <ClCompile Include="Player.cpp">
      <Filter>Game\Player</Filter>
    </ClCompile>
    <ClCompile Include="Enemy.cpp">
      <Filter>Game\Enemy</Filter>
    </ClCompile>
    <ClCompile Include="EnemyContainer.cpp">
      <Filter>Game\Enemy</Filter>
    </ClCompile>
    <ClCompile Include="MovementBehaviors.cpp">
      <Filter>Game\Enemy</Filter>
    </ClCompile>
    <ClCompile Include="App.cpp">
      <Filter>Main</Filter>
    </ClCompile>
    <ClCompile Include="main.cpp">
      <Filter>Main</Filter>
    </ClCompile>
  </ItemGroup>
  <ItemGroup>
    <ClInclude Include="Conditions.h">
      <Filter>Game</Filter>
    </ClInclude>
    <ClInclude Include="Game.h">
      <Filter>Game</Filter>
    </ClInclude>
    <ClInclude Include="HgeSingelton.h">
      <Filter>Game</Filter>
    </ClInclude>
    <ClInclude Include="ScoreCounter.h">
      <Filter>Game</Filter>
    </ClInclude>
    <ClInclude Include="VisualRep.h">
      <Filter>Game</Filter>
    </ClInclude>
    <ClInclude Include="Astar.h">
      <Filter>Game\TileGrid</Filter>
    </ClInclude>
    <ClInclude Include="TileGrid.h">
      <Filter>Game\TileGrid</Filter>
    </ClInclude>
    <ClInclude Include="Dot.h">
      <Filter>Game\Dot</Filter>
    </ClInclude>
    <ClInclude Include="DotContainer.h">
      <Filter>Game\Dot</Filter>
    </ClInclude>
    <ClInclude Include="Cherry.h">
      <Filter>Game\Cherry</Filter>
    </ClInclude>
    <ClInclude Include="Player.h">
      <Filter>Game\Player</Filter>
    </ClInclude>
    <ClInclude Include="Enemy.h">
      <Filter>Game\Enemy</Filter>
    </ClInclude>
    <ClInclude Include="EnemyContainer.h">
      <Filter>Game\Enemy</Filter>
    </ClInclude>
    <ClInclude Include="MovementBehaviors.h">
      <Filter>Game\Enemy</Filter>
    </ClInclude>
    <ClInclude Include="App.h">
      <Filter>Main</Filter>
    </ClInclude>
  </ItemGroup>
</Project>