
Microsoft Visual Studio Solution File, Format Version 12.00
# Visual Studio 14
VisualStudioVersion = 14.0.25123.0
MinimumVisualStudioVersion = 10.0.40219.1
Project("{8BC9CEB8-8B4A-11D0-8D11-00A0C91BC942}") = "DX2DEngine", "DX2DEngine\DX2DEngine.vcxproj", "{11F98BF6-7BDB-4CFB-96CF-577DB4AE312F}"
EndProject
Project("{8BC9CEB8-8B4A-11D0-8D11-00A0C91BC942}") = "Game", "Game\Game.vcxproj", "{9426BF5B-A0A8-48EB-9E45-DA9BBB4276F2}"
	ProjectSection(ProjectDependencies) = postProject
		{11F98BF6-7BDB-4CFB-96CF-577DB4AE312F} = {11F98BF6-7BDB-4CFB-96CF-577DB4AE312F}
	EndProjectSection
EndProject
Project("{8BC9CEB8-8B4A-11D0-8D11-00A0C91BC942}") = "Launcher", "Launcher\Launcher.vcxproj", "{0290BA1A-80E5-4697-96F3-B71216F1F0DF}"
	ProjectSection(ProjectDependencies) = postProject
		{9426BF5B-A0A8-48EB-9E45-DA9BBB4276F2} = {9426BF5B-A0A8-48EB-9E45-DA9BBB4276F2}
	EndProjectSection
EndProject
Project("{8BC9CEB8-8B4A-11D0-8D11-00A0C91BC942}") = "Utilities", "Utilities\Utilities.vcxproj", "{92D34133-88E5-4FE3-BFE2-96E8A9B316F3}"
EndProject
Project("{8BC9CEB8-8B4A-11D0-8D11-00A0C91BC942}") = "ImGui", "ImGui\ImGui.vcxproj", "{F6457BB1-2B8A-423F-B7D7-6D4F26952FC4}"
EndProject
Global
	GlobalSection(SolutionConfigurationPlatforms) = preSolution
		Debug|x64 = Debug|x64
		Debug|x86 = Debug|x86
		LD|x64 = LD|x64
		LD|x86 = LD|x86
		Release|x64 = Release|x64
		Release|x86 = Release|x86
	EndGlobalSection
	GlobalSection(ProjectConfigurationPlatforms) = postSolution
		{11F98BF6-7BDB-4CFB-96CF-577DB4AE312F}.Debug|x64.ActiveCfg = Debug|x64
		{11F98BF6-7BDB-4CFB-96CF-577DB4AE312F}.Debug|x64.Build.0 = Debug|x64
		{11F98BF6-7BDB-4CFB-96CF-577DB4AE312F}.Debug|x86.ActiveCfg = Debug|Win32
		{11F98BF6-7BDB-4CFB-96CF-577DB4AE312F}.Debug|x86.Build.0 = Debug|Win32
		{11F98BF6-7BDB-4CFB-96CF-577DB4AE312F}.LD|x64.ActiveCfg = Release|x64
		{11F98BF6-7BDB-4CFB-96CF-577DB4AE312F}.LD|x64.Build.0 = Release|x64
		{11F98BF6-7BDB-4CFB-96CF-577DB4AE312F}.LD|x86.ActiveCfg = Release|Win32
		{11F98BF6-7BDB-4CFB-96CF-577DB4AE312F}.LD|x86.Build.0 = Release|Win32
		{11F98BF6-7BDB-4CFB-96CF-577DB4AE312F}.Release|x64.ActiveCfg = Release|x64
		{11F98BF6-7BDB-4CFB-96CF-577DB4AE312F}.Release|x64.Build.0 = Release|x64
		{11F98BF6-7BDB-4CFB-96CF-577DB4AE312F}.Release|x86.ActiveCfg = Release|Win32
		{11F98BF6-7BDB-4CFB-96CF-577DB4AE312F}.Release|x86.Build.0 = Release|Win32
		{9426BF5B-A0A8-48EB-9E45-DA9BBB4276F2}.Debug|x64.ActiveCfg = Debug|x64
		{9426BF5B-A0A8-48EB-9E45-DA9BBB4276F2}.Debug|x64.Build.0 = Debug|x64
		{9426BF5B-A0A8-48EB-9E45-DA9BBB4276F2}.Debug|x86.ActiveCfg = Debug|Win32
		{9426BF5B-A0A8-48EB-9E45-DA9BBB4276F2}.Debug|x86.Build.0 = Debug|Win32
		{9426BF5B-A0A8-48EB-9E45-DA9BBB4276F2}.LD|x64.ActiveCfg = Release|x64
		{9426BF5B-A0A8-48EB-9E45-DA9BBB4276F2}.LD|x64.Build.0 = Release|x64
		{9426BF5B-A0A8-48EB-9E45-DA9BBB4276F2}.LD|x86.ActiveCfg = Release|Win32
		{9426BF5B-A0A8-48EB-9E45-DA9BBB4276F2}.LD|x86.Build.0 = Release|Win32
		{9426BF5B-A0A8-48EB-9E45-DA9BBB4276F2}.Release|x64.ActiveCfg = Release|x64
		{9426BF5B-A0A8-48EB-9E45-DA9BBB4276F2}.Release|x64.Build.0 = Release|x64
		{9426BF5B-A0A8-48EB-9E45-DA9BBB4276F2}.Release|x86.ActiveCfg = Release|Win32
		{9426BF5B-A0A8-48EB-9E45-DA9BBB4276F2}.Release|x86.Build.0 = Release|Win32
		{0290BA1A-80E5-4697-96F3-B71216F1F0DF}.Debug|x64.ActiveCfg = Debug|x64
		{0290BA1A-80E5-4697-96F3-B71216F1F0DF}.Debug|x64.Build.0 = Debug|x64
		{0290BA1A-80E5-4697-96F3-B71216F1F0DF}.Debug|x86.ActiveCfg = Debug|Win32
		{0290BA1A-80E5-4697-96F3-B71216F1F0DF}.Debug|x86.Build.0 = Debug|Win32
		{0290BA1A-80E5-4697-96F3-B71216F1F0DF}.LD|x64.ActiveCfg = Release|x64
		{0290BA1A-80E5-4697-96F3-B71216F1F0DF}.LD|x64.Build.0 = Release|x64
		{0290BA1A-80E5-4697-96F3-B71216F1F0DF}.LD|x86.ActiveCfg = Release|Win32
		{0290BA1A-80E5-4697-96F3-B71216F1F0DF}.LD|x86.Build.0 = Release|Win32
		{0290BA1A-80E5-4697-96F3-B71216F1F0DF}.Release|x64.ActiveCfg = Release|x64
		{0290BA1A-80E5-4697-96F3-B71216F1F0DF}.Release|x64.Build.0 = Release|x64
		{0290BA1A-80E5-4697-96F3-B71216F1F0DF}.Release|x86.ActiveCfg = Release|Win32
		{0290BA1A-80E5-4697-96F3-B71216F1F0DF}.Release|x86.Build.0 = Release|Win32
		{92D34133-88E5-4FE3-BFE2-96E8A9B316F3}.Debug|x64.ActiveCfg = Debug|x64
		{92D34133-88E5-4FE3-BFE2-96E8A9B316F3}.Debug|x64.Build.0 = Debug|x64
		{92D34133-88E5-4FE3-BFE2-96E8A9B316F3}.Debug|x86.ActiveCfg = Debug|Win32
		{92D34133-88E5-4FE3-BFE2-96E8A9B316F3}.Debug|x86.Build.0 = Debug|Win32
		{92D34133-88E5-4FE3-BFE2-96E8A9B316F3}.LD|x64.ActiveCfg = LD|x64
		{92D34133-88E5-4FE3-BFE2-96E8A9B316F3}.LD|x64.Build.0 = LD|x64
		{92D34133-88E5-4FE3-BFE2-96E8A9B316F3}.LD|x86.ActiveCfg = LD|Win32
		{92D34133-88E5-4FE3-BFE2-96E8A9B316F3}.LD|x86.Build.0 = LD|Win32
		{92D34133-88E5-4FE3-BFE2-96E8A9B316F3}.Release|x64.ActiveCfg = Release|x64
		{92D34133-88E5-4FE3-BFE2-96E8A9B316F3}.Release|x64.Build.0 = Release|x64
		{92D34133-88E5-4FE3-BFE2-96E8A9B316F3}.Release|x86.ActiveCfg = Release|Win32
		{92D34133-88E5-4FE3-BFE2-96E8A9B316F3}.Release|x86.Build.0 = Release|Win32
		{F6457BB1-2B8A-423F-B7D7-6D4F26952FC4}.Debug|x64.ActiveCfg = Debug|x64
		{F6457BB1-2B8A-423F-B7D7-6D4F26952FC4}.Debug|x64.Build.0 = Debug|x64
		{F6457BB1-2B8A-423F-B7D7-6D4F26952FC4}.Debug|x86.ActiveCfg = Debug|Win32
		{F6457BB1-2B8A-423F-B7D7-6D4F26952FC4}.Debug|x86.Build.0 = Debug|Win32
		{F6457BB1-2B8A-423F-B7D7-6D4F26952FC4}.LD|x64.ActiveCfg = LD|x64
		{F6457BB1-2B8A-423F-B7D7-6D4F26952FC4}.LD|x64.Build.0 = LD|x64
		{F6457BB1-2B8A-423F-B7D7-6D4F26952FC4}.LD|x86.ActiveCfg = LD|Win32
		{F6457BB1-2B8A-423F-B7D7-6D4F26952FC4}.LD|x86.Build.0 = LD|Win32
		{F6457BB1-2B8A-423F-B7D7-6D4F26952FC4}.Release|x64.ActiveCfg = Release|x64
		{F6457BB1-2B8A-423F-B7D7-6D4F26952FC4}.Release|x64.Build.0 = Release|x64
		{F6457BB1-2B8A-423F-B7D7-6D4F26952FC4}.Release|x86.ActiveCfg = Release|Win32
		{F6457BB1-2B8A-423F-B7D7-6D4F26952FC4}.Release|x86.Build.0 = Release|Win32
	EndGlobalSection
	GlobalSection(SolutionProperties) = preSolution
		HideSolutionNode = FALSE
	EndGlobalSection
EndGlobal
